PODS:
  - AFNetworking (3.1.0):
    - AFNetworking/NSURLSession (= 3.1.0)
    - AFNetworking/Reachability (= 3.1.0)
    - AFNetworking/Security (= 3.1.0)
    - AFNetworking/Serialization (= 3.1.0)
    - AFNetworking/UIKit (= 3.1.0)
  - AFNetworking/NSURLSession (3.1.0):
    - AFNetworking/Reachability
    - AFNetworking/Security
    - AFNetworking/Serialization
  - AFNetworking/Reachability (3.1.0)
  - AFNetworking/Security (3.1.0)
  - AFNetworking/Serialization (3.1.0)
  - AFNetworking/UIKit (3.1.0):
    - AFNetworking/NSURLSession
  - BaiduMapKit (3.2.1)
  - RadioButton (1.0)
  - Toast (3.1.0)

DEPENDENCIES:
  - AFNetworking (~> 3.1.0)
  - BaiduMapKit (~> 3.2.1)
  - RadioButton (~> 1.0)
  - Toast (~> 3.1.0)

SPEC CHECKSUMS:
  AFNetworking: 5e0e199f73d8626b11e79750991f5d173d1f8b67
  BaiduMapKit: 9c748785aa3dddfc41dcb70c14b21ce32f680930
  RadioButton: 7ef053baf6ff0e7f9e777016c28e9ba4e330edba
  Toast: 14a93686d6c8bfe2727afd342414e35660a8a1f3

PODFILE CHECKSUM: 0775deea51f986722246d7c2c143ccd8a231122f

COCOAPODS: 1.2.0
