// !$*UTF8*$!
{
	archiveVersion = 1;
	classes = {
	};
	objectVersion = 46;
	objects = {

/* Begin PBXBuildFile section */
		9166BFB41E5743D70018D3EB /* b_protrait.png in Resources */ = {isa = PBXBuildFile; fileRef = 9166BFAB1E5743D70018D3EB /* b_protrait.png */; };
		9166BFB51E5743D70018D3EB /* bk_protrait.png in Resources */ = {isa = PBXBuildFile; fileRef = 9166BFAC1E5743D70018D3EB /* bk_protrait.png */; };
		9166BFB61E5743D70018D3EB /* i_allmission.png in Resources */ = {isa = PBXBuildFile; fileRef = 9166BFAD1E5743D70018D3EB /* i_allmission.png */; };
		9166BFB71E5743D70018D3EB /* i_finished.png in Resources */ = {isa = PBXBuildFile; fileRef = 9166BFAE1E5743D70018D3EB /* i_finished.png */; };
		9166BFB81E5743D70018D3EB /* i_home.png in Resources */ = {isa = PBXBuildFile; fileRef = 9166BFAF1E5743D70018D3EB /* i_home.png */; };
		9166BFB91E5743D70018D3EB /* i_mine.png in Resources */ = {isa = PBXBuildFile; fileRef = 9166BFB01E5743D70018D3EB /* i_mine.png */; };
		9166BFBA1E5743D70018D3EB /* i_mymission.png in Resources */ = {isa = PBXBuildFile; fileRef = 9166BFB11E5743D70018D3EB /* i_mymission.png */; };
		9166BFBB1E5743D70018D3EB /* i_next.png in Resources */ = {isa = PBXBuildFile; fileRef = 9166BFB21E5743D70018D3EB /* i_next.png */; };
		9166BFBC1E5743D70018D3EB /* i_unfinished.png in Resources */ = {isa = PBXBuildFile; fileRef = 9166BFB31E5743D70018D3EB /* i_unfinished.png */; };
		9166BFC41E5743EE0018D3EB /* b_login_conform.9.png in Resources */ = {isa = PBXBuildFile; fileRef = 9166BFBD1E5743EE0018D3EB /* b_login_conform.9.png */; };
		9166BFC51E5743EE0018D3EB /* b_login_input.9.png in Resources */ = {isa = PBXBuildFile; fileRef = 9166BFBE1E5743EE0018D3EB /* b_login_input.9.png */; };
		9166BFC61E5743EE0018D3EB /* i_login_password.png in Resources */ = {isa = PBXBuildFile; fileRef = 9166BFBF1E5743EE0018D3EB /* i_login_password.png */; };
		9166BFC71E5743EE0018D3EB /* i_login_shutup.png in Resources */ = {isa = PBXBuildFile; fileRef = 9166BFC01E5743EE0018D3EB /* i_login_shutup.png */; };
		9166BFC81E5743EE0018D3EB /* i_login_user.png in Resources */ = {isa = PBXBuildFile; fileRef = 9166BFC11E5743EE0018D3EB /* i_login_user.png */; };
		9166BFC91E5743EE0018D3EB /* p_login_logo1.png in Resources */ = {isa = PBXBuildFile; fileRef = 9166BFC21E5743EE0018D3EB /* p_login_logo1.png */; };
		9166BFCA1E5743EE0018D3EB /* p_login_logo2.png in Resources */ = {isa = PBXBuildFile; fileRef = 9166BFC31E5743EE0018D3EB /* p_login_logo2.png */; };
		917964551E58306E00B5E808 /* UIImage+UIImageEx.m in Sources */ = {isa = PBXBuildFile; fileRef = 917964541E58306E00B5E808 /* UIImage+UIImageEx.m */; };
		91831A841E53F4CD00E670B3 /* main.m in Sources */ = {isa = PBXBuildFile; fileRef = 91831A831E53F4CD00E670B3 /* main.m */; };
		91831A871E53F4CD00E670B3 /* AppDelegate.m in Sources */ = {isa = PBXBuildFile; fileRef = 91831A861E53F4CD00E670B3 /* AppDelegate.m */; };
		91831A921E53F4CD00E670B3 /* Assets.xcassets in Resources */ = {isa = PBXBuildFile; fileRef = 91831A911E53F4CD00E670B3 /* Assets.xcassets */; };
		91831A951E53F4CD00E670B3 /* LaunchScreen.storyboard in Resources */ = {isa = PBXBuildFile; fileRef = 91831A931E53F4CD00E670B3 /* LaunchScreen.storyboard */; };
		91831AA31E54989600E670B3 /* IMainViewController.m in Sources */ = {isa = PBXBuildFile; fileRef = 91831AA21E54989600E670B3 /* IMainViewController.m */; };
		91831AA61E54B64900E670B3 /* HomeViewController.m in Sources */ = {isa = PBXBuildFile; fileRef = 91831AA51E54B64900E670B3 /* HomeViewController.m */; };
		91831AA91E54B65A00E670B3 /* LoginViewController.m in Sources */ = {isa = PBXBuildFile; fileRef = 91831AA81E54B65A00E670B3 /* LoginViewController.m */; };
		91831AAC1E54B67500E670B3 /* PublicMissionViewController.m in Sources */ = {isa = PBXBuildFile; fileRef = 91831AAB1E54B67500E670B3 /* PublicMissionViewController.m */; };
		91831AAF1E54B68400E670B3 /* MyMissionViewController.m in Sources */ = {isa = PBXBuildFile; fileRef = 91831AAE1E54B68400E670B3 /* MyMissionViewController.m */; };
		91831AB21E54B6A000E670B3 /* UserInfoViewController.m in Sources */ = {isa = PBXBuildFile; fileRef = 91831AB11E54B6A000E670B3 /* UserInfoViewController.m */; };
		91831AB51E54C76B00E670B3 /* IMainController.m in Sources */ = {isa = PBXBuildFile; fileRef = 91831AB41E54C76B00E670B3 /* IMainController.m */; };
		91AA2DCE1E59A01100731F9E /* INewestTableViewCell.m in Sources */ = {isa = PBXBuildFile; fileRef = 91AA2DCD1E59A01100731F9E /* INewestTableViewCell.m */; };
		C52AD1EC0EEBFD048764A742 /* Pods_Inspecting.framework in Frameworks */ = {isa = PBXBuildFile; fileRef = 97B58F74EA11F4E1C0CF0F24 /* Pods_Inspecting.framework */; };
/* End PBXBuildFile section */

/* Begin PBXFileReference section */
		1A0DB2BD903CC4F18FE2A065 /* Pods-Inspecting.debug.xcconfig */ = {isa = PBXFileReference; includeInIndex = 1; lastKnownFileType = text.xcconfig; name = "Pods-Inspecting.debug.xcconfig"; path = "Pods/Target Support Files/Pods-Inspecting/Pods-Inspecting.debug.xcconfig"; sourceTree = "<group>"; };
		7F5BCA653F6238E36CA37A69 /* Pods-Inspecting.release.xcconfig */ = {isa = PBXFileReference; includeInIndex = 1; lastKnownFileType = text.xcconfig; name = "Pods-Inspecting.release.xcconfig"; path = "Pods/Target Support Files/Pods-Inspecting/Pods-Inspecting.release.xcconfig"; sourceTree = "<group>"; };
		9166BFAB1E5743D70018D3EB /* b_protrait.png */ = {isa = PBXFileReference; lastKnownFileType = image.png; path = b_protrait.png; sourceTree = "<group>"; };
		9166BFAC1E5743D70018D3EB /* bk_protrait.png */ = {isa = PBXFileReference; lastKnownFileType = image.png; path = bk_protrait.png; sourceTree = "<group>"; };
		9166BFAD1E5743D70018D3EB /* i_allmission.png */ = {isa = PBXFileReference; lastKnownFileType = image.png; path = i_allmission.png; sourceTree = "<group>"; };
		9166BFAE1E5743D70018D3EB /* i_finished.png */ = {isa = PBXFileReference; lastKnownFileType = image.png; path = i_finished.png; sourceTree = "<group>"; };
		9166BFAF1E5743D70018D3EB /* i_home.png */ = {isa = PBXFileReference; lastKnownFileType = image.png; path = i_home.png; sourceTree = "<group>"; };
		9166BFB01E5743D70018D3EB /* i_mine.png */ = {isa = PBXFileReference; lastKnownFileType = image.png; path = i_mine.png; sourceTree = "<group>"; };
		9166BFB11E5743D70018D3EB /* i_mymission.png */ = {isa = PBXFileReference; lastKnownFileType = image.png; path = i_mymission.png; sourceTree = "<group>"; };
		9166BFB21E5743D70018D3EB /* i_next.png */ = {isa = PBXFileReference; lastKnownFileType = image.png; path = i_next.png; sourceTree = "<group>"; };
		9166BFB31E5743D70018D3EB /* i_unfinished.png */ = {isa = PBXFileReference; lastKnownFileType = image.png; path = i_unfinished.png; sourceTree = "<group>"; };
		9166BFBD1E5743EE0018D3EB /* b_login_conform.9.png */ = {isa = PBXFileReference; lastKnownFileType = image.png; path = b_login_conform.9.png; sourceTree = "<group>"; };
		9166BFBE1E5743EE0018D3EB /* b_login_input.9.png */ = {isa = PBXFileReference; lastKnownFileType = image.png; path = b_login_input.9.png; sourceTree = "<group>"; };
		9166BFBF1E5743EE0018D3EB /* i_login_password.png */ = {isa = PBXFileReference; lastKnownFileType = image.png; path = i_login_password.png; sourceTree = "<group>"; };
		9166BFC01E5743EE0018D3EB /* i_login_shutup.png */ = {isa = PBXFileReference; lastKnownFileType = image.png; path = i_login_shutup.png; sourceTree = "<group>"; };
		9166BFC11E5743EE0018D3EB /* i_login_user.png */ = {isa = PBXFileReference; lastKnownFileType = image.png; path = i_login_user.png; sourceTree = "<group>"; };
		9166BFC21E5743EE0018D3EB /* p_login_logo1.png */ = {isa = PBXFileReference; lastKnownFileType = image.png; path = p_login_logo1.png; sourceTree = "<group>"; };
		9166BFC31E5743EE0018D3EB /* p_login_logo2.png */ = {isa = PBXFileReference; lastKnownFileType = image.png; path = p_login_logo2.png; sourceTree = "<group>"; };
		917964531E58306E00B5E808 /* UIImage+UIImageEx.h */ = {isa = PBXFileReference; fileEncoding = 4; lastKnownFileType = sourcecode.c.h; path = "UIImage+UIImageEx.h"; sourceTree = "<group>"; };
		917964541E58306E00B5E808 /* UIImage+UIImageEx.m */ = {isa = PBXFileReference; fileEncoding = 4; lastKnownFileType = sourcecode.c.objc; path = "UIImage+UIImageEx.m"; sourceTree = "<group>"; };
		91831A7F1E53F4CD00E670B3 /* Inspecting.app */ = {isa = PBXFileReference; explicitFileType = wrapper.application; includeInIndex = 0; path = Inspecting.app; sourceTree = BUILT_PRODUCTS_DIR; };
		91831A831E53F4CD00E670B3 /* main.m */ = {isa = PBXFileReference; lastKnownFileType = sourcecode.c.objc; path = main.m; sourceTree = "<group>"; };
		91831A851E53F4CD00E670B3 /* AppDelegate.h */ = {isa = PBXFileReference; lastKnownFileType = sourcecode.c.h; path = AppDelegate.h; sourceTree = "<group>"; };
		91831A861E53F4CD00E670B3 /* AppDelegate.m */ = {isa = PBXFileReference; lastKnownFileType = sourcecode.c.objc; path = AppDelegate.m; sourceTree = "<group>"; };
		91831A911E53F4CD00E670B3 /* Assets.xcassets */ = {isa = PBXFileReference; lastKnownFileType = folder.assetcatalog; path = Assets.xcassets; sourceTree = "<group>"; };
		91831A941E53F4CD00E670B3 /* Base */ = {isa = PBXFileReference; lastKnownFileType = file.storyboard; name = Base; path = Base.lproj/LaunchScreen.storyboard; sourceTree = "<group>"; };
		91831A961E53F4CD00E670B3 /* Info.plist */ = {isa = PBXFileReference; lastKnownFileType = text.plist.xml; path = Info.plist; sourceTree = "<group>"; };
		91831AA11E54989600E670B3 /* IMainViewController.h */ = {isa = PBXFileReference; fileEncoding = 4; lastKnownFileType = sourcecode.c.h; path = IMainViewController.h; sourceTree = "<group>"; };
		91831AA21E54989600E670B3 /* IMainViewController.m */ = {isa = PBXFileReference; fileEncoding = 4; lastKnownFileType = sourcecode.c.objc; path = IMainViewController.m; sourceTree = "<group>"; };
		91831AA41E54B64900E670B3 /* HomeViewController.h */ = {isa = PBXFileReference; fileEncoding = 4; lastKnownFileType = sourcecode.c.h; path = HomeViewController.h; sourceTree = "<group>"; };
		91831AA51E54B64900E670B3 /* HomeViewController.m */ = {isa = PBXFileReference; fileEncoding = 4; lastKnownFileType = sourcecode.c.objc; path = HomeViewController.m; sourceTree = "<group>"; };
		91831AA71E54B65A00E670B3 /* LoginViewController.h */ = {isa = PBXFileReference; fileEncoding = 4; lastKnownFileType = sourcecode.c.h; path = LoginViewController.h; sourceTree = "<group>"; };
		91831AA81E54B65A00E670B3 /* LoginViewController.m */ = {isa = PBXFileReference; fileEncoding = 4; lastKnownFileType = sourcecode.c.objc; path = LoginViewController.m; sourceTree = "<group>"; };
		91831AAA1E54B67500E670B3 /* PublicMissionViewController.h */ = {isa = PBXFileReference; fileEncoding = 4; lastKnownFileType = sourcecode.c.h; path = PublicMissionViewController.h; sourceTree = "<group>"; };
		91831AAB1E54B67500E670B3 /* PublicMissionViewController.m */ = {isa = PBXFileReference; fileEncoding = 4; lastKnownFileType = sourcecode.c.objc; path = PublicMissionViewController.m; sourceTree = "<group>"; };
		91831AAD1E54B68400E670B3 /* MyMissionViewController.h */ = {isa = PBXFileReference; fileEncoding = 4; lastKnownFileType = sourcecode.c.h; path = MyMissionViewController.h; sourceTree = "<group>"; };
		91831AAE1E54B68400E670B3 /* MyMissionViewController.m */ = {isa = PBXFileReference; fileEncoding = 4; lastKnownFileType = sourcecode.c.objc; path = MyMissionViewController.m; sourceTree = "<group>"; };
		91831AB01E54B6A000E670B3 /* UserInfoViewController.h */ = {isa = PBXFileReference; fileEncoding = 4; lastKnownFileType = sourcecode.c.h; path = UserInfoViewController.h; sourceTree = "<group>"; };
		91831AB11E54B6A000E670B3 /* UserInfoViewController.m */ = {isa = PBXFileReference; fileEncoding = 4; lastKnownFileType = sourcecode.c.objc; path = UserInfoViewController.m; sourceTree = "<group>"; };
		91831AB31E54C76B00E670B3 /* IMainController.h */ = {isa = PBXFileReference; fileEncoding = 4; lastKnownFileType = sourcecode.c.h; path = IMainController.h; sourceTree = "<group>"; };
		91831AB41E54C76B00E670B3 /* IMainController.m */ = {isa = PBXFileReference; fileEncoding = 4; lastKnownFileType = sourcecode.c.objc; path = IMainController.m; sourceTree = "<group>"; };
		91AA2DCC1E59A01100731F9E /* INewestTableViewCell.h */ = {isa = PBXFileReference; fileEncoding = 4; lastKnownFileType = sourcecode.c.h; path = INewestTableViewCell.h; sourceTree = "<group>"; };
		91AA2DCD1E59A01100731F9E /* INewestTableViewCell.m */ = {isa = PBXFileReference; fileEncoding = 4; lastKnownFileType = sourcecode.c.objc; path = INewestTableViewCell.m; sourceTree = "<group>"; };
		97B58F74EA11F4E1C0CF0F24 /* Pods_Inspecting.framework */ = {isa = PBXFileReference; explicitFileType = wrapper.framework; includeInIndex = 0; path = Pods_Inspecting.framework; sourceTree = BUILT_PRODUCTS_DIR; };
/* End PBXFileReference section */

/* Begin PBXFrameworksBuildPhase section */
		91831A7C1E53F4CD00E670B3 /* Frameworks */ = {
			isa = PBXFrameworksBuildPhase;
			buildActionMask = 2147483647;
			files = (
				C52AD1EC0EEBFD048764A742 /* Pods_Inspecting.framework in Frameworks */,
			);
			runOnlyForDeploymentPostprocessing = 0;
		};
/* End PBXFrameworksBuildPhase section */

/* Begin PBXGroup section */
		48643B3600B58A3BB190BF81 /* Pods */ = {
			isa = PBXGroup;
			children = (
				1A0DB2BD903CC4F18FE2A065 /* Pods-Inspecting.debug.xcconfig */,
				7F5BCA653F6238E36CA37A69 /* Pods-Inspecting.release.xcconfig */,
			);
			name = Pods;
			sourceTree = "<group>";
		};
		9166BFA91E5743940018D3EB /* icon */ = {
			isa = PBXGroup;
			children = (
				9166BFBD1E5743EE0018D3EB /* b_login_conform.9.png */,
				9166BFBE1E5743EE0018D3EB /* b_login_input.9.png */,
				9166BFBF1E5743EE0018D3EB /* i_login_password.png */,
				9166BFC01E5743EE0018D3EB /* i_login_shutup.png */,
				9166BFC11E5743EE0018D3EB /* i_login_user.png */,
				9166BFC21E5743EE0018D3EB /* p_login_logo1.png */,
				9166BFC31E5743EE0018D3EB /* p_login_logo2.png */,
				9166BFAA1E57439F0018D3EB /* home */,
			);
			name = icon;
			sourceTree = "<group>";
		};
		9166BFAA1E57439F0018D3EB /* home */ = {
			isa = PBXGroup;
			children = (
				9166BFAB1E5743D70018D3EB /* b_protrait.png */,
				9166BFAC1E5743D70018D3EB /* bk_protrait.png */,
				9166BFAD1E5743D70018D3EB /* i_allmission.png */,
				9166BFAE1E5743D70018D3EB /* i_finished.png */,
				9166BFAF1E5743D70018D3EB /* i_home.png */,
				9166BFB01E5743D70018D3EB /* i_mine.png */,
				9166BFB11E5743D70018D3EB /* i_mymission.png */,
				9166BFB21E5743D70018D3EB /* i_next.png */,
				9166BFB31E5743D70018D3EB /* i_unfinished.png */,
			);
			name = home;
			sourceTree = "<group>";
		};
		917964521E582FE300B5E808 /* Utils */ = {
			isa = PBXGroup;
			children = (
				917964531E58306E00B5E808 /* UIImage+UIImageEx.h */,
				917964541E58306E00B5E808 /* UIImage+UIImageEx.m */,
			);
			name = Utils;
			sourceTree = "<group>";
		};
		91831A761E53F4CD00E670B3 = {
			isa = PBXGroup;
			children = (
				91831A811E53F4CD00E670B3 /* Inspecting */,
				91831A801E53F4CD00E670B3 /* Products */,
				48643B3600B58A3BB190BF81 /* Pods */,
				996143A800C8F1B186DDBE04 /* Frameworks */,
			);
			sourceTree = "<group>";
		};
		91831A801E53F4CD00E670B3 /* Products */ = {
			isa = PBXGroup;
			children = (
				91831A7F1E53F4CD00E670B3 /* Inspecting.app */,
			);
			name = Products;
			sourceTree = "<group>";
		};
		91831A811E53F4CD00E670B3 /* Inspecting */ = {
			isa = PBXGroup;
			children = (
				917964521E582FE300B5E808 /* Utils */,
				91831AA01E5497B800E670B3 /* Controller */,
				91831A9F1E5497AF00E670B3 /* View */,
				91831A9D1E54979900E670B3 /* Model */,
				91831A9C1E54978B00E670B3 /* Resources */,
				91831A851E53F4CD00E670B3 /* AppDelegate.h */,
				91831A861E53F4CD00E670B3 /* AppDelegate.m */,
				91831A911E53F4CD00E670B3 /* Assets.xcassets */,
				91831A931E53F4CD00E670B3 /* LaunchScreen.storyboard */,
				91831A961E53F4CD00E670B3 /* Info.plist */,
				91831A821E53F4CD00E670B3 /* Supporting Files */,
			);
			path = Inspecting;
			sourceTree = "<group>";
		};
		91831A821E53F4CD00E670B3 /* Supporting Files */ = {
			isa = PBXGroup;
			children = (
				91831A831E53F4CD00E670B3 /* main.m */,
			);
			name = "Supporting Files";
			sourceTree = "<group>";
		};
		91831A9C1E54978B00E670B3 /* Resources */ = {
			isa = PBXGroup;
			children = (
				9166BFA91E5743940018D3EB /* icon */,
			);
			name = Resources;
			sourceTree = "<group>";
		};
		91831A9D1E54979900E670B3 /* Model */ = {
			isa = PBXGroup;
			children = (
			);
			name = Model;
			sourceTree = "<group>";
		};
		91831A9F1E5497AF00E670B3 /* View */ = {
			isa = PBXGroup;
			children = (
				91AA2DCC1E59A01100731F9E /* INewestTableViewCell.h */,
				91AA2DCD1E59A01100731F9E /* INewestTableViewCell.m */,
			);
			name = View;
			sourceTree = "<group>";
		};
		91831AA01E5497B800E670B3 /* Controller */ = {
			isa = PBXGroup;
			children = (
				91831AA11E54989600E670B3 /* IMainViewController.h */,
				91831AA21E54989600E670B3 /* IMainViewController.m */,
				91831AA41E54B64900E670B3 /* HomeViewController.h */,
				91831AA51E54B64900E670B3 /* HomeViewController.m */,
				91831AA71E54B65A00E670B3 /* LoginViewController.h */,
				91831AA81E54B65A00E670B3 /* LoginViewController.m */,
				91831AAA1E54B67500E670B3 /* PublicMissionViewController.h */,
				91831AAB1E54B67500E670B3 /* PublicMissionViewController.m */,
				91831AAD1E54B68400E670B3 /* MyMissionViewController.h */,
				91831AAE1E54B68400E670B3 /* MyMissionViewController.m */,
				91831AB01E54B6A000E670B3 /* UserInfoViewController.h */,
				91831AB11E54B6A000E670B3 /* UserInfoViewController.m */,
				91831AB31E54C76B00E670B3 /* IMainController.h */,
				91831AB41E54C76B00E670B3 /* IMainController.m */,
			);
			name = Controller;
			sourceTree = "<group>";
		};
		996143A800C8F1B186DDBE04 /* Frameworks */ = {
			isa = PBXGroup;
			children = (
				97B58F74EA11F4E1C0CF0F24 /* Pods_Inspecting.framework */,
			);
			name = Frameworks;
			sourceTree = "<group>";
		};
/* End PBXGroup section */

/* Begin PBXNativeTarget section */
		91831A7E1E53F4CD00E670B3 /* Inspecting */ = {
			isa = PBXNativeTarget;
			buildConfigurationList = 91831A991E53F4CD00E670B3 /* Build configuration list for PBXNativeTarget "Inspecting" */;
			buildPhases = (
				EBF96819A0317E4FCFDEBDA8 /* [CP] Check Pods Manifest.lock */,
				91831A7B1E53F4CD00E670B3 /* Sources */,
				91831A7C1E53F4CD00E670B3 /* Frameworks */,
				91831A7D1E53F4CD00E670B3 /* Resources */,
				7890BC6AD595D492476835D3 /* [CP] Embed Pods Frameworks */,
				C1609466DC6B5E377CBB7A94 /* [CP] Copy Pods Resources */,
			);
			buildRules = (
			);
			dependencies = (
			);
			name = Inspecting;
			productName = Inspecting;
			productReference = 91831A7F1E53F4CD00E670B3 /* Inspecting.app */;
			productType = "com.apple.product-type.application";
		};
/* End PBXNativeTarget section */

/* Begin PBXProject section */
		91831A771E53F4CD00E670B3 /* Project object */ = {
			isa = PBXProject;
			attributes = {
				LastUpgradeCheck = 0820;
				ORGANIZATIONNAME = default;
				TargetAttributes = {
					91831A7E1E53F4CD00E670B3 = {
						CreatedOnToolsVersion = 8.2.1;
						ProvisioningStyle = Automatic;
					};
				};
			};
			buildConfigurationList = 91831A7A1E53F4CD00E670B3 /* Build configuration list for PBXProject "Inspecting" */;
			compatibilityVersion = "Xcode 3.2";
			developmentRegion = English;
			hasScannedForEncodings = 0;
			knownRegions = (
				en,
				Base,
			);
			mainGroup = 91831A761E53F4CD00E670B3;
			productRefGroup = 91831A801E53F4CD00E670B3 /* Products */;
			projectDirPath = "";
			projectRoot = "";
			targets = (
				91831A7E1E53F4CD00E670B3 /* Inspecting */,
			);
		};
/* End PBXProject section */

/* Begin PBXResourcesBuildPhase section */
		91831A7D1E53F4CD00E670B3 /* Resources */ = {
			isa = PBXResourcesBuildPhase;
			buildActionMask = 2147483647;
			files = (
				9166BFBB1E5743D70018D3EB /* i_next.png in Resources */,
				9166BFB41E5743D70018D3EB /* b_protrait.png in Resources */,
				9166BFC81E5743EE0018D3EB /* i_login_user.png in Resources */,
				9166BFC61E5743EE0018D3EB /* i_login_password.png in Resources */,
				9166BFB71E5743D70018D3EB /* i_finished.png in Resources */,
				9166BFB61E5743D70018D3EB /* i_allmission.png in Resources */,
				9166BFC41E5743EE0018D3EB /* b_login_conform.9.png in Resources */,
				91831A951E53F4CD00E670B3 /* LaunchScreen.storyboard in Resources */,
				91831A921E53F4CD00E670B3 /* Assets.xcassets in Resources */,
				9166BFBA1E5743D70018D3EB /* i_mymission.png in Resources */,
				9166BFCA1E5743EE0018D3EB /* p_login_logo2.png in Resources */,
				9166BFB51E5743D70018D3EB /* bk_protrait.png in Resources */,
				9166BFC91E5743EE0018D3EB /* p_login_logo1.png in Resources */,
				9166BFB91E5743D70018D3EB /* i_mine.png in Resources */,
				9166BFC71E5743EE0018D3EB /* i_login_shutup.png in Resources */,
				9166BFBC1E5743D70018D3EB /* i_unfinished.png in Resources */,
				9166BFB81E5743D70018D3EB /* i_home.png in Resources */,
				9166BFC51E5743EE0018D3EB /* b_login_input.9.png in Resources */,
			);
			runOnlyForDeploymentPostprocessing = 0;
		};
/* End PBXResourcesBuildPhase section */

/* Begin PBXShellScriptBuildPhase section */
		7890BC6AD595D492476835D3 /* [CP] Embed Pods Frameworks */ = {
			isa = PBXShellScriptBuildPhase;
			buildActionMask = 2147483647;
			files = (
			);
			inputPaths = (
			);
			name = "[CP] Embed Pods Frameworks";
			outputPaths = (
			);
			runOnlyForDeploymentPostprocessing = 0;
			shellPath = /bin/sh;
			shellScript = "\"${SRCROOT}/Pods/Target Support Files/Pods-Inspecting/Pods-Inspecting-frameworks.sh\"\n";
			showEnvVarsInLog = 0;
		};
		C1609466DC6B5E377CBB7A94 /* [CP] Copy Pods Resources */ = {
			isa = PBXShellScriptBuildPhase;
			buildActionMask = 2147483647;
			files = (
			);
			inputPaths = (
			);
			name = "[CP] Copy Pods Resources";
			outputPaths = (
			);
			runOnlyForDeploymentPostprocessing = 0;
			shellPath = /bin/sh;
			shellScript = "\"${SRCROOT}/Pods/Target Support Files/Pods-Inspecting/Pods-Inspecting-resources.sh\"\n";
			showEnvVarsInLog = 0;
		};
		EBF96819A0317E4FCFDEBDA8 /* [CP] Check Pods Manifest.lock */ = {
			isa = PBXShellScriptBuildPhase;
			buildActionMask = 2147483647;
			files = (
			);
			inputPaths = (
			);
			name = "[CP] Check Pods Manifest.lock";
			outputPaths = (
			);
			runOnlyForDeploymentPostprocessing = 0;
			shellPath = /bin/sh;
			shellScript = "diff \"${PODS_ROOT}/../Podfile.lock\" \"${PODS_ROOT}/Manifest.lock\" > /dev/null\nif [ $? != 0 ] ; then\n    # print error to STDERR\n    echo \"error: The sandbox is not in sync with the Podfile.lock. Run 'pod install' or update your CocoaPods installation.\" >&2\n    exit 1\nfi\n";
			showEnvVarsInLog = 0;
		};
/* End PBXShellScriptBuildPhase section */

/* Begin PBXSourcesBuildPhase section */
		91831A7B1E53F4CD00E670B3 /* Sources */ = {
			isa = PBXSourcesBuildPhase;
			buildActionMask = 2147483647;
			files = (
				91831AAC1E54B67500E670B3 /* PublicMissionViewController.m in Sources */,
				91831A871E53F4CD00E670B3 /* AppDelegate.m in Sources */,
				917964551E58306E00B5E808 /* UIImage+UIImageEx.m in Sources */,
				91831AA31E54989600E670B3 /* IMainViewController.m in Sources */,
				91831A841E53F4CD00E670B3 /* main.m in Sources */,
				91831AAF1E54B68400E670B3 /* MyMissionViewController.m in Sources */,
				91831AB21E54B6A000E670B3 /* UserInfoViewController.m in Sources */,
				91831AA61E54B64900E670B3 /* HomeViewController.m in Sources */,
				91831AA91E54B65A00E670B3 /* LoginViewController.m in Sources */,
				91831AB51E54C76B00E670B3 /* IMainController.m in Sources */,
				91AA2DCE1E59A01100731F9E /* INewestTableViewCell.m in Sources */,
			);
			runOnlyForDeploymentPostprocessing = 0;
		};
/* End PBXSourcesBuildPhase section */

/* Begin PBXVariantGroup section */
		91831A931E53F4CD00E670B3 /* LaunchScreen.storyboard */ = {
			isa = PBXVariantGroup;
			children = (
				91831A941E53F4CD00E670B3 /* Base */,
			);
			name = LaunchScreen.storyboard;
			sourceTree = "<group>";
		};
/* End PBXVariantGroup section */

/* Begin XCBuildConfiguration section */
		91831A971E53F4CD00E670B3 /* Debug */ = {
			isa = XCBuildConfiguration;
			buildSettings = {
				ALWAYS_SEARCH_USER_PATHS = NO;
				CLANG_ANALYZER_NONNULL = YES;
				CLANG_CXX_LANGUAGE_STANDARD = "gnu++0x";
				CLANG_CXX_LIBRARY = "libc++";
				CLANG_ENABLE_MODULES = YES;
				CLANG_ENABLE_OBJC_ARC = YES;
				CLANG_WARN_BOOL_CONVERSION = YES;
				CLANG_WARN_CONSTANT_CONVERSION = YES;
				CLANG_WARN_DIRECT_OBJC_ISA_USAGE = YES_ERROR;
				CLANG_WARN_DOCUMENTATION_COMMENTS = YES;
				CLANG_WARN_EMPTY_BODY = YES;
				CLANG_WARN_ENUM_CONVERSION = YES;
				CLANG_WARN_INFINITE_RECURSION = YES;
				CLANG_WARN_INT_CONVERSION = YES;
				CLANG_WARN_OBJC_ROOT_CLASS = YES_ERROR;
				CLANG_WARN_SUSPICIOUS_MOVE = YES;
				CLANG_WARN_UNREACHABLE_CODE = YES;
				CLANG_WARN__DUPLICATE_METHOD_MATCH = YES;
				"CODE_SIGN_IDENTITY[sdk=iphoneos*]" = "iPhone Developer";
				COPY_PHASE_STRIP = NO;
				DEBUG_INFORMATION_FORMAT = dwarf;
				ENABLE_STRICT_OBJC_MSGSEND = YES;
				ENABLE_TESTABILITY = YES;
				GCC_C_LANGUAGE_STANDARD = gnu99;
				GCC_DYNAMIC_NO_PIC = NO;
				GCC_NO_COMMON_BLOCKS = YES;
				GCC_OPTIMIZATION_LEVEL = 0;
				GCC_PREPROCESSOR_DEFINITIONS = (
					"DEBUG=1",
					"$(inherited)",
				);
				GCC_WARN_64_TO_32_BIT_CONVERSION = YES;
				GCC_WARN_ABOUT_RETURN_TYPE = YES_ERROR;
				GCC_WARN_UNDECLARED_SELECTOR = YES;
				GCC_WARN_UNINITIALIZED_AUTOS = YES_AGGRESSIVE;
				GCC_WARN_UNUSED_FUNCTION = YES;
				GCC_WARN_UNUSED_VARIABLE = YES;
				IPHONEOS_DEPLOYMENT_TARGET = 10.2;
				MTL_ENABLE_DEBUG_INFO = YES;
				ONLY_ACTIVE_ARCH = YES;
				SDKROOT = iphoneos;
			};
			name = Debug;
		};
		91831A981E53F4CD00E670B3 /* Release */ = {
			isa = XCBuildConfiguration;
			buildSettings = {
				ALWAYS_SEARCH_USER_PATHS = NO;
				CLANG_ANALYZER_NONNULL = YES;
				CLANG_CXX_LANGUAGE_STANDARD = "gnu++0x";
				CLANG_CXX_LIBRARY = "libc++";
				CLANG_ENABLE_MODULES = YES;
				CLANG_ENABLE_OBJC_ARC = YES;
				CLANG_WARN_BOOL_CONVERSION = YES;
				CLANG_WARN_CONSTANT_CONVERSION = YES;
				CLANG_WARN_DIRECT_OBJC_ISA_USAGE = YES_ERROR;
				CLANG_WARN_DOCUMENTATION_COMMENTS = YES;
				CLANG_WARN_EMPTY_BODY = YES;
				CLANG_WARN_ENUM_CONVERSION = YES;
				CLANG_WARN_INFINITE_RECURSION = YES;
				CLANG_WARN_INT_CONVERSION = YES;
				CLANG_WARN_OBJC_ROOT_CLASS = YES_ERROR;
				CLANG_WARN_SUSPICIOUS_MOVE = YES;
				CLANG_WARN_UNREACHABLE_CODE = YES;
				CLANG_WARN__DUPLICATE_METHOD_MATCH = YES;
				"CODE_SIGN_IDENTITY[sdk=iphoneos*]" = "iPhone Developer";
				COPY_PHASE_STRIP = NO;
				DEBUG_INFORMATION_FORMAT = "dwarf-with-dsym";
				ENABLE_NS_ASSERTIONS = NO;
				ENABLE_STRICT_OBJC_MSGSEND = YES;
				GCC_C_LANGUAGE_STANDARD = gnu99;
				GCC_NO_COMMON_BLOCKS = YES;
				GCC_WARN_64_TO_32_BIT_CONVERSION = YES;
				GCC_WARN_ABOUT_RETURN_TYPE = YES_ERROR;
				GCC_WARN_UNDECLARED_SELECTOR = YES;
				GCC_WARN_UNINITIALIZED_AUTOS = YES_AGGRESSIVE;
				GCC_WARN_UNUSED_FUNCTION = YES;
				GCC_WARN_UNUSED_VARIABLE = YES;
				IPHONEOS_DEPLOYMENT_TARGET = 10.2;
				MTL_ENABLE_DEBUG_INFO = NO;
				SDKROOT = iphoneos;
				VALIDATE_PRODUCT = YES;
			};
			name = Release;
		};
		91831A9A1E53F4CD00E670B3 /* Debug */ = {
			isa = XCBuildConfiguration;
			baseConfigurationReference = 1A0DB2BD903CC4F18FE2A065 /* Pods-Inspecting.debug.xcconfig */;
			buildSettings = {
				ASSETCATALOG_COMPILER_APPICON_NAME = AppIcon;
				INFOPLIST_FILE = Inspecting/Info.plist;
				LD_RUNPATH_SEARCH_PATHS = "$(inherited) @executable_path/Frameworks";
				PRODUCT_BUNDLE_IDENTIFIER = default.Inspecting;
				PRODUCT_NAME = "$(TARGET_NAME)";
			};
			name = Debug;
		};
		91831A9B1E53F4CD00E670B3 /* Release */ = {
			isa = XCBuildConfiguration;
			baseConfigurationReference = 7F5BCA653F6238E36CA37A69 /* Pods-Inspecting.release.xcconfig */;
			buildSettings = {
				ASSETCATALOG_COMPILER_APPICON_NAME = AppIcon;
				INFOPLIST_FILE = Inspecting/Info.plist;
				LD_RUNPATH_SEARCH_PATHS = "$(inherited) @executable_path/Frameworks";
				PRODUCT_BUNDLE_IDENTIFIER = default.Inspecting;
				PRODUCT_NAME = "$(TARGET_NAME)";
			};
			name = Release;
		};
/* End XCBuildConfiguration section */

/* Begin XCConfigurationList section */
		91831A7A1E53F4CD00E670B3 /* Build configuration list for PBXProject "Inspecting" */ = {
			isa = XCConfigurationList;
			buildConfigurations = (
				91831A971E53F4CD00E670B3 /* Debug */,
				91831A981E53F4CD00E670B3 /* Release */,
			);
			defaultConfigurationIsVisible = 0;
			defaultConfigurationName = Release;
		};
		91831A991E53F4CD00E670B3 /* Build configuration list for PBXNativeTarget "Inspecting" */ = {
			isa = XCConfigurationList;
			buildConfigurations = (
				91831A9A1E53F4CD00E670B3 /* Debug */,
				91831A9B1E53F4CD00E670B3 /* Release */,
			);
			defaultConfigurationIsVisible = 0;
			defaultConfigurationName = Release;
		};
/* End XCConfigurationList section */
	};
	rootObject = 91831A771E53F4CD00E670B3 /* Project object */;
}
