// !$*UTF8*$!
{
	archiveVersion = 1;
	classes = {
	};
	objectVersion = 46;
	objects = {

/* Begin PBXBuildFile section */
		91831A841E53F4CD00E670B3 /* main.m in Sources */ = {isa = PBXBuildFile; fileRef = 91831A831E53F4CD00E670B3 /* main.m */; };
		91831A871E53F4CD00E670B3 /* AppDelegate.m in Sources */ = {isa = PBXBuildFile; fileRef = 91831A861E53F4CD00E670B3 /* AppDelegate.m */; };
		91831A8A1E53F4CD00E670B3 /* FirstViewController.m in Sources */ = {isa = PBXBuildFile; fileRef = 91831A891E53F4CD00E670B3 /* FirstViewController.m */; };
		91831A8D1E53F4CD00E670B3 /* SecondViewController.m in Sources */ = {isa = PBXBuildFile; fileRef = 91831A8C1E53F4CD00E670B3 /* SecondViewController.m */; };
		91831A901E53F4CD00E670B3 /* Main.storyboard in Resources */ = {isa = PBXBuildFile; fileRef = 91831A8E1E53F4CD00E670B3 /* Main.storyboard */; };
		91831A921E53F4CD00E670B3 /* Assets.xcassets in Resources */ = {isa = PBXBuildFile; fileRef = 91831A911E53F4CD00E670B3 /* Assets.xcassets */; };
		91831A951E53F4CD00E670B3 /* LaunchScreen.storyboard in Resources */ = {isa = PBXBuildFile; fileRef = 91831A931E53F4CD00E670B3 /* LaunchScreen.storyboard */; };
/* End PBXBuildFile section */

/* Begin PBXFileReference section */
		91831A7F1E53F4CD00E670B3 /* Inspecting.app */ = {isa = PBXFileReference; explicitFileType = wrapper.application; includeInIndex = 0; path = Inspecting.app; sourceTree = BUILT_PRODUCTS_DIR; };
		91831A831E53F4CD00E670B3 /* main.m */ = {isa = PBXFileReference; lastKnownFileType = sourcecode.c.objc; path = main.m; sourceTree = "<group>"; };
		91831A851E53F4CD00E670B3 /* AppDelegate.h */ = {isa = PBXFileReference; lastKnownFileType = sourcecode.c.h; path = AppDelegate.h; sourceTree = "<group>"; };
		91831A861E53F4CD00E670B3 /* AppDelegate.m */ = {isa = PBXFileReference; lastKnownFileType = sourcecode.c.objc; path = AppDelegate.m; sourceTree = "<group>"; };
		91831A881E53F4CD00E670B3 /* FirstViewController.h */ = {isa = PBXFileReference; lastKnownFileType = sourcecode.c.h; path = FirstViewController.h; sourceTree = "<group>"; };
		91831A891E53F4CD00E670B3 /* FirstViewController.m */ = {isa = PBXFileReference; lastKnownFileType = sourcecode.c.objc; path = FirstViewController.m; sourceTree = "<group>"; };
		91831A8B1E53F4CD00E670B3 /* SecondViewController.h */ = {isa = PBXFileReference; lastKnownFileType = sourcecode.c.h; path = SecondViewController.h; sourceTree = "<group>"; };
		91831A8C1E53F4CD00E670B3 /* SecondViewController.m */ = {isa = PBXFileReference; lastKnownFileType = sourcecode.c.objc; path = SecondViewController.m; sourceTree = "<group>"; };
		91831A8F1E53F4CD00E670B3 /* Base */ = {isa = PBXFileReference; lastKnownFileType = file.storyboard; name = Base; path = Base.lproj/Main.storyboard; sourceTree = "<group>"; };
		91831A911E53F4CD00E670B3 /* Assets.xcassets */ = {isa = PBXFileReference; lastKnownFileType = folder.assetcatalog; path = Assets.xcassets; sourceTree = "<group>"; };
		91831A941E53F4CD00E670B3 /* Base */ = {isa = PBXFileReference; lastKnownFileType = file.storyboard; name = Base; path = Base.lproj/LaunchScreen.storyboard; sourceTree = "<group>"; };
		91831A961E53F4CD00E670B3 /* Info.plist */ = {isa = PBXFileReference; lastKnownFileType = text.plist.xml; path = Info.plist; sourceTree = "<group>"; };
/* End PBXFileReference section */

/* Begin PBXFrameworksBuildPhase section */
		91831A7C1E53F4CD00E670B3 /* Frameworks */ = {
			isa = PBXFrameworksBuildPhase;
			buildActionMask = 2147483647;
			files = (
			);
			runOnlyForDeploymentPostprocessing = 0;
		};
/* End PBXFrameworksBuildPhase section */

/* Begin PBXGroup section */
		91831A761E53F4CD00E670B3 = {
			isa = PBXGroup;
			children = (
				91831A811E53F4CD00E670B3 /* Inspecting */,
				91831A801E53F4CD00E670B3 /* Products */,
			);
			sourceTree = "<group>";
		};
		91831A801E53F4CD00E670B3 /* Products */ = {
			isa = PBXGroup;
			children = (
				91831A7F1E53F4CD00E670B3 /* Inspecting.app */,
			);
			name = Products;
			sourceTree = "<group>";
		};
		91831A811E53F4CD00E670B3 /* Inspecting */ = {
			isa = PBXGroup;
			children = (
				91831A851E53F4CD00E670B3 /* AppDelegate.h */,
				91831A861E53F4CD00E670B3 /* AppDelegate.m */,
				91831A881E53F4CD00E670B3 /* FirstViewController.h */,
				91831A891E53F4CD00E670B3 /* FirstViewController.m */,
				91831A8B1E53F4CD00E670B3 /* SecondViewController.h */,
				91831A8C1E53F4CD00E670B3 /* SecondViewController.m */,
				91831A8E1E53F4CD00E670B3 /* Main.storyboard */,
				91831A911E53F4CD00E670B3 /* Assets.xcassets */,
				91831A931E53F4CD00E670B3 /* LaunchScreen.storyboard */,
				91831A961E53F4CD00E670B3 /* Info.plist */,
				91831A821E53F4CD00E670B3 /* Supporting Files */,
			);
			path = Inspecting;
			sourceTree = "<group>";
		};
		91831A821E53F4CD00E670B3 /* Supporting Files */ = {
			isa = PBXGroup;
			children = (
				91831A831E53F4CD00E670B3 /* main.m */,
			);
			name = "Supporting Files";
			sourceTree = "<group>";
		};
/* End PBXGroup section */

/* Begin PBXNativeTarget section */
		91831A7E1E53F4CD00E670B3 /* Inspecting */ = {
			isa = PBXNativeTarget;
			buildConfigurationList = 91831A991E53F4CD00E670B3 /* Build configuration list for PBXNativeTarget "Inspecting" */;
			buildPhases = (
				91831A7B1E53F4CD00E670B3 /* Sources */,
				91831A7C1E53F4CD00E670B3 /* Frameworks */,
				91831A7D1E53F4CD00E670B3 /* Resources */,
			);
			buildRules = (
			);
			dependencies = (
			);
			name = Inspecting;
			productName = Inspecting;
			productReference = 91831A7F1E53F4CD00E670B3 /* Inspecting.app */;
			productType = "com.apple.product-type.application";
		};
/* End PBXNativeTarget section */

/* Begin PBXProject section */
		91831A771E53F4CD00E670B3 /* Project object */ = {
			isa = PBXProject;
			attributes = {
				LastUpgradeCheck = 0820;
				ORGANIZATIONNAME = default;
				TargetAttributes = {
					91831A7E1E53F4CD00E670B3 = {
						CreatedOnToolsVersion = 8.2.1;
						ProvisioningStyle = Automatic;
					};
				};
			};
			buildConfigurationList = 91831A7A1E53F4CD00E670B3 /* Build configuration list for PBXProject "Inspecting" */;
			compatibilityVersion = "Xcode 3.2";
			developmentRegion = English;
			hasScannedForEncodings = 0;
			knownRegions = (
				en,
				Base,
			);
			mainGroup = 91831A761E53F4CD00E670B3;
			productRefGroup = 91831A801E53F4CD00E670B3 /* Products */;
			projectDirPath = "";
			projectRoot = "";
			targets = (
				91831A7E1E53F4CD00E670B3 /* Inspecting */,
			);
		};
/* End PBXProject section */

/* Begin PBXResourcesBuildPhase section */
		91831A7D1E53F4CD00E670B3 /* Resources */ = {
			isa = PBXResourcesBuildPhase;
			buildActionMask = 2147483647;
			files = (
				91831A951E53F4CD00E670B3 /* LaunchScreen.storyboard in Resources */,
				91831A921E53F4CD00E670B3 /* Assets.xcassets in Resources */,
				91831A901E53F4CD00E670B3 /* Main.storyboard in Resources */,
			);
			runOnlyForDeploymentPostprocessing = 0;
		};
/* End PBXResourcesBuildPhase section */

/* Begin PBXSourcesBuildPhase section */
		91831A7B1E53F4CD00E670B3 /* Sources */ = {
			isa = PBXSourcesBuildPhase;
			buildActionMask = 2147483647;
			files = (
				91831A8D1E53F4CD00E670B3 /* SecondViewController.m in Sources */,
				91831A871E53F4CD00E670B3 /* AppDelegate.m in Sources */,
				91831A8A1E53F4CD00E670B3 /* FirstViewController.m in Sources */,
				91831A841E53F4CD00E670B3 /* main.m in Sources */,
			);
			runOnlyForDeploymentPostprocessing = 0;
		};
/* End PBXSourcesBuildPhase section */

/* Begin PBXVariantGroup section */
		91831A8E1E53F4CD00E670B3 /* Main.storyboard */ = {
			isa = PBXVariantGroup;
			children = (
				91831A8F1E53F4CD00E670B3 /* Base */,
			);
			name = Main.storyboard;
			sourceTree = "<group>";
		};
		91831A931E53F4CD00E670B3 /* LaunchScreen.storyboard */ = {
			isa = PBXVariantGroup;
			children = (
				91831A941E53F4CD00E670B3 /* Base */,
			);
			name = LaunchScreen.storyboard;
			sourceTree = "<group>";
		};
/* End PBXVariantGroup section */

/* Begin XCBuildConfiguration section */
		91831A971E53F4CD00E670B3 /* Debug */ = {
			isa = XCBuildConfiguration;
			buildSettings = {
				ALWAYS_SEARCH_USER_PATHS = NO;
				CLANG_ANALYZER_NONNULL = YES;
				CLANG_CXX_LANGUAGE_STANDARD = "gnu++0x";
				CLANG_CXX_LIBRARY = "libc++";
				CLANG_ENABLE_MODULES = YES;
				CLANG_ENABLE_OBJC_ARC = YES;
				CLANG_WARN_BOOL_CONVERSION = YES;
				CLANG_WARN_CONSTANT_CONVERSION = YES;
				CLANG_WARN_DIRECT_OBJC_ISA_USAGE = YES_ERROR;
				CLANG_WARN_DOCUMENTATION_COMMENTS = YES;
				CLANG_WARN_EMPTY_BODY = YES;
				CLANG_WARN_ENUM_CONVERSION = YES;
				CLANG_WARN_INFINITE_RECURSION = YES;
				CLANG_WARN_INT_CONVERSION = YES;
				CLANG_WARN_OBJC_ROOT_CLASS = YES_ERROR;
				CLANG_WARN_SUSPICIOUS_MOVE = YES;
				CLANG_WARN_UNREACHABLE_CODE = YES;
				CLANG_WARN__DUPLICATE_METHOD_MATCH = YES;
				"CODE_SIGN_IDENTITY[sdk=iphoneos*]" = "iPhone Developer";
				COPY_PHASE_STRIP = NO;
				DEBUG_INFORMATION_FORMAT = dwarf;
				ENABLE_STRICT_OBJC_MSGSEND = YES;
				ENABLE_TESTABILITY = YES;
				GCC_C_LANGUAGE_STANDARD = gnu99;
				GCC_DYNAMIC_NO_PIC = NO;
				GCC_NO_COMMON_BLOCKS = YES;
				GCC_OPTIMIZATION_LEVEL = 0;
				GCC_PREPROCESSOR_DEFINITIONS = (
					"DEBUG=1",
					"$(inherited)",
				);
				GCC_WARN_64_TO_32_BIT_CONVERSION = YES;
				GCC_WARN_ABOUT_RETURN_TYPE = YES_ERROR;
				GCC_WARN_UNDECLARED_SELECTOR = YES;
				GCC_WARN_UNINITIALIZED_AUTOS = YES_AGGRESSIVE;
				GCC_WARN_UNUSED_FUNCTION = YES;
				GCC_WARN_UNUSED_VARIABLE = YES;
				IPHONEOS_DEPLOYMENT_TARGET = 10.2;
				MTL_ENABLE_DEBUG_INFO = YES;
				ONLY_ACTIVE_ARCH = YES;
				SDKROOT = iphoneos;
			};
			name = Debug;
		};
		91831A981E53F4CD00E670B3 /* Release */ = {
			isa = XCBuildConfiguration;
			buildSettings = {
				ALWAYS_SEARCH_USER_PATHS = NO;
				CLANG_ANALYZER_NONNULL = YES;
				CLANG_CXX_LANGUAGE_STANDARD = "gnu++0x";
				CLANG_CXX_LIBRARY = "libc++";
				CLANG_ENABLE_MODULES = YES;
				CLANG_ENABLE_OBJC_ARC = YES;
				CLANG_WARN_BOOL_CONVERSION = YES;
				CLANG_WARN_CONSTANT_CONVERSION = YES;
				CLANG_WARN_DIRECT_OBJC_ISA_USAGE = YES_ERROR;
				CLANG_WARN_DOCUMENTATION_COMMENTS = YES;
				CLANG_WARN_EMPTY_BODY = YES;
				CLANG_WARN_ENUM_CONVERSION = YES;
				CLANG_WARN_INFINITE_RECURSION = YES;
				CLANG_WARN_INT_CONVERSION = YES;
				CLANG_WARN_OBJC_ROOT_CLASS = YES_ERROR;
				CLANG_WARN_SUSPICIOUS_MOVE = YES;
				CLANG_WARN_UNREACHABLE_CODE = YES;
				CLANG_WARN__DUPLICATE_METHOD_MATCH = YES;
				"CODE_SIGN_IDENTITY[sdk=iphoneos*]" = "iPhone Developer";
				COPY_PHASE_STRIP = NO;
				DEBUG_INFORMATION_FORMAT = "dwarf-with-dsym";
				ENABLE_NS_ASSERTIONS = NO;
				ENABLE_STRICT_OBJC_MSGSEND = YES;
				GCC_C_LANGUAGE_STANDARD = gnu99;
				GCC_NO_COMMON_BLOCKS = YES;
				GCC_WARN_64_TO_32_BIT_CONVERSION = YES;
				GCC_WARN_ABOUT_RETURN_TYPE = YES_ERROR;
				GCC_WARN_UNDECLARED_SELECTOR = YES;
				GCC_WARN_UNINITIALIZED_AUTOS = YES_AGGRESSIVE;
				GCC_WARN_UNUSED_FUNCTION = YES;
				GCC_WARN_UNUSED_VARIABLE = YES;
				IPHONEOS_DEPLOYMENT_TARGET = 10.2;
				MTL_ENABLE_DEBUG_INFO = NO;
				SDKROOT = iphoneos;
				VALIDATE_PRODUCT = YES;
			};
			name = Release;
		};
		91831A9A1E53F4CD00E670B3 /* Debug */ = {
			isa = XCBuildConfiguration;
			buildSettings = {
				ASSETCATALOG_COMPILER_APPICON_NAME = AppIcon;
				INFOPLIST_FILE = Inspecting/Info.plist;
				LD_RUNPATH_SEARCH_PATHS = "$(inherited) @executable_path/Frameworks";
				PRODUCT_BUNDLE_IDENTIFIER = default.Inspecting;
				PRODUCT_NAME = "$(TARGET_NAME)";
			};
			name = Debug;
		};
		91831A9B1E53F4CD00E670B3 /* Release */ = {
			isa = XCBuildConfiguration;
			buildSettings = {
				ASSETCATALOG_COMPILER_APPICON_NAME = AppIcon;
				INFOPLIST_FILE = Inspecting/Info.plist;
				LD_RUNPATH_SEARCH_PATHS = "$(inherited) @executable_path/Frameworks";
				PRODUCT_BUNDLE_IDENTIFIER = default.Inspecting;
				PRODUCT_NAME = "$(TARGET_NAME)";
			};
			name = Release;
		};
/* End XCBuildConfiguration section */

/* Begin XCConfigurationList section */
		91831A7A1E53F4CD00E670B3 /* Build configuration list for PBXProject "Inspecting" */ = {
			isa = XCConfigurationList;
			buildConfigurations = (
				91831A971E53F4CD00E670B3 /* Debug */,
				91831A981E53F4CD00E670B3 /* Release */,
			);
			defaultConfigurationIsVisible = 0;
			defaultConfigurationName = Release;
		};
		91831A991E53F4CD00E670B3 /* Build configuration list for PBXNativeTarget "Inspecting" */ = {
			isa = XCConfigurationList;
			buildConfigurations = (
				91831A9A1E53F4CD00E670B3 /* Debug */,
				91831A9B1E53F4CD00E670B3 /* Release */,
			);
			defaultConfigurationIsVisible = 0;
		};
/* End XCConfigurationList section */
	};
	rootObject = 91831A771E53F4CD00E670B3 /* Project object */;
}
