// !$*UTF8*$!
{
	archiveVersion = 1;
	classes = {
	};
	objectVersion = 46;
	objects = {

/* Begin PBXBuildFile section */
		912C7DDC1E7C3FFE000DAF06 /* IPubTask.m in Sources */ = {isa = PBXBuildFile; fileRef = 912C7DDB1E7C3FFE000DAF06 /* IPubTask.m */; };
		912C7DE21E7D8140000DAF06 /* IPubTaskDetailViewController.m in Sources */ = {isa = PBXBuildFile; fileRef = 912C7DE11E7D8140000DAF06 /* IPubTaskDetailViewController.m */; };
		914707B31E781B0200E46B3B /* RSAEncryptor.m in Sources */ = {isa = PBXBuildFile; fileRef = 914707B21E781B0200E46B3B /* RSAEncryptor.m */; };
		91655EA91E66CC120031CFE0 /* Utils.m in Sources */ = {isa = PBXBuildFile; fileRef = 91655EA81E66CC120031CFE0 /* Utils.m */; };
		91655EAC1E66DEAB0031CFE0 /* iPublicMission.m in Sources */ = {isa = PBXBuildFile; fileRef = 91655EAB1E66DEAB0031CFE0 /* iPublicMission.m */; };
		91655EAF1E6715FC0031CFE0 /* NoneImageView.m in Sources */ = {isa = PBXBuildFile; fileRef = 91655EAE1E6715FC0031CFE0 /* NoneImageView.m */; };
		9172A78E1E78EF9C002E90C3 /* RSAEncrypt.m in Sources */ = {isa = PBXBuildFile; fileRef = 9172A78D1E78EF9C002E90C3 /* RSAEncrypt.m */; };
		917964551E58306E00B5E808 /* UIImage+UIImageEx.m in Sources */ = {isa = PBXBuildFile; fileRef = 917964541E58306E00B5E808 /* UIImage+UIImageEx.m */; };
		91831A841E53F4CD00E670B3 /* main.m in Sources */ = {isa = PBXBuildFile; fileRef = 91831A831E53F4CD00E670B3 /* main.m */; };
		91831A871E53F4CD00E670B3 /* AppDelegate.m in Sources */ = {isa = PBXBuildFile; fileRef = 91831A861E53F4CD00E670B3 /* AppDelegate.m */; };
		91831A921E53F4CD00E670B3 /* Assets.xcassets in Resources */ = {isa = PBXBuildFile; fileRef = 91831A911E53F4CD00E670B3 /* Assets.xcassets */; };
		91831A951E53F4CD00E670B3 /* LaunchScreen.storyboard in Resources */ = {isa = PBXBuildFile; fileRef = 91831A931E53F4CD00E670B3 /* LaunchScreen.storyboard */; };
		91831AA61E54B64900E670B3 /* HomeViewController.m in Sources */ = {isa = PBXBuildFile; fileRef = 91831AA51E54B64900E670B3 /* HomeViewController.m */; };
		91831AA91E54B65A00E670B3 /* LoginViewController.m in Sources */ = {isa = PBXBuildFile; fileRef = 91831AA81E54B65A00E670B3 /* LoginViewController.m */; };
		91831AAC1E54B67500E670B3 /* PublicMissionViewController.m in Sources */ = {isa = PBXBuildFile; fileRef = 91831AAB1E54B67500E670B3 /* PublicMissionViewController.m */; };
		91831AAF1E54B68400E670B3 /* MyMissionViewController.m in Sources */ = {isa = PBXBuildFile; fileRef = 91831AAE1E54B68400E670B3 /* MyMissionViewController.m */; };
		91831AB21E54B6A000E670B3 /* UserInfoViewController.m in Sources */ = {isa = PBXBuildFile; fileRef = 91831AB11E54B6A000E670B3 /* UserInfoViewController.m */; };
		9183CBEE1E5B44E70064572E /* lineDashTexture.png in Resources */ = {isa = PBXBuildFile; fileRef = 9183CB841E5B44E70064572E /* lineDashTexture.png */; };
		9183CBF11E5B44E70064572E /* main_bottombtn_down.9.png in Resources */ = {isa = PBXBuildFile; fileRef = 9183CB871E5B44E70064572E /* main_bottombtn_down.9.png */; };
		9183CBF21E5B44E70064572E /* main_bottombtn_up.9.png in Resources */ = {isa = PBXBuildFile; fileRef = 9183CB881E5B44E70064572E /* main_bottombtn_up.9.png */; };
		9183CBF31E5B44E70064572E /* main_icon_zoomin_dis.png in Resources */ = {isa = PBXBuildFile; fileRef = 9183CB891E5B44E70064572E /* main_icon_zoomin_dis.png */; };
		9183CBF41E5B44E70064572E /* main_icon_zoomin.png in Resources */ = {isa = PBXBuildFile; fileRef = 9183CB8A1E5B44E70064572E /* main_icon_zoomin.png */; };
		9183CBF51E5B44E70064572E /* main_icon_zoomout_dis.png in Resources */ = {isa = PBXBuildFile; fileRef = 9183CB8B1E5B44E70064572E /* main_icon_zoomout_dis.png */; };
		9183CBF61E5B44E70064572E /* main_icon_zoomout.png in Resources */ = {isa = PBXBuildFile; fileRef = 9183CB8C1E5B44E70064572E /* main_icon_zoomout.png */; };
		9183CBF71E5B44E70064572E /* main_topbtn_down.9.png in Resources */ = {isa = PBXBuildFile; fileRef = 9183CB8D1E5B44E70064572E /* main_topbtn_down.9.png */; };
		9183CBF81E5B44E70064572E /* main_topbtn_up.9.png in Resources */ = {isa = PBXBuildFile; fileRef = 9183CB8E1E5B44E70064572E /* main_topbtn_up.9.png */; };
		9183CBF91E5B44E70064572E /* icon_default.png in Resources */ = {isa = PBXBuildFile; fileRef = 9183CB8F1E5B44E70064572E /* icon_default.png */; };
		9183CBFA1E5B44E70064572E /* icon.png in Resources */ = {isa = PBXBuildFile; fileRef = 9183CB901E5B44E70064572E /* icon.png */; };
		9183CBFB1E5B44E70064572E /* p_login_logo3.png in Resources */ = {isa = PBXBuildFile; fileRef = 9183CB911E5B44E70064572E /* p_login_logo3.png */; };
		9183CBFE1E5B44E70064572E /* i_add_posdown.png in Resources */ = {isa = PBXBuildFile; fileRef = 9183CB941E5B44E70064572E /* i_add_posdown.png */; };
		9183CBFF1E5B44E70064572E /* i_add_posup.png in Resources */ = {isa = PBXBuildFile; fileRef = 9183CB951E5B44E70064572E /* i_add_posup.png */; };
		9183CC001E5B44E70064572E /* i_add_jycs.png in Resources */ = {isa = PBXBuildFile; fileRef = 9183CB961E5B44E70064572E /* i_add_jycs.png */; };
		9183CC011E5B44E70064572E /* i_add_mmzp.png in Resources */ = {isa = PBXBuildFile; fileRef = 9183CB971E5B44E70064572E /* i_add_mmzp.png */; };
		9183CC021E5B44E70064572E /* i_add_yyzz.png in Resources */ = {isa = PBXBuildFile; fileRef = 9183CB981E5B44E70064572E /* i_add_yyzz.png */; };
		9183CC031E5B44E70064572E /* i_add_zp.png in Resources */ = {isa = PBXBuildFile; fileRef = 9183CB991E5B44E70064572E /* i_add_zp.png */; };
		9183CC041E5B44E70064572E /* a_finished.png in Resources */ = {isa = PBXBuildFile; fileRef = 9183CB9A1E5B44E70064572E /* a_finished.png */; };
		9183CC051E5B44E70064572E /* a_unfinished.png in Resources */ = {isa = PBXBuildFile; fileRef = 9183CB9B1E5B44E70064572E /* a_unfinished.png */; };
		9183CC061E5B44E70064572E /* b_login_conform.9.png in Resources */ = {isa = PBXBuildFile; fileRef = 9183CB9C1E5B44E70064572E /* b_login_conform.9.png */; };
		9183CC071E5B44E70064572E /* b_login_input.9.png in Resources */ = {isa = PBXBuildFile; fileRef = 9183CB9D1E5B44E70064572E /* b_login_input.9.png */; };
		9183CC081E5B44E70064572E /* b_protrait.png in Resources */ = {isa = PBXBuildFile; fileRef = 9183CB9E1E5B44E70064572E /* b_protrait.png */; };
		9183CC091E5B44E70064572E /* bk_pic_store.png in Resources */ = {isa = PBXBuildFile; fileRef = 9183CB9F1E5B44E70064572E /* bk_pic_store.png */; };
		9183CC0A1E5B44E70064572E /* bk_protrait.png in Resources */ = {isa = PBXBuildFile; fileRef = 9183CBA01E5B44E70064572E /* bk_protrait.png */; };
		9183CC0B1E5B44E70064572E /* dialog_cancel.png in Resources */ = {isa = PBXBuildFile; fileRef = 9183CBA11E5B44E70064572E /* dialog_cancel.png */; };
		9183CC0C1E5B44E70064572E /* dialog_ok.png in Resources */ = {isa = PBXBuildFile; fileRef = 9183CBA21E5B44E70064572E /* dialog_ok.png */; };
		9183CC0D1E5B44E70064572E /* i_add_pic.png in Resources */ = {isa = PBXBuildFile; fileRef = 9183CBA31E5B44E70064572E /* i_add_pic.png */; };
		9183CC0E1E5B44E70064572E /* i_add.png in Resources */ = {isa = PBXBuildFile; fileRef = 9183CBA41E5B44E70064572E /* i_add.png */; };
		9183CC0F1E5B44E70064572E /* i_allmission.png in Resources */ = {isa = PBXBuildFile; fileRef = 9183CBA51E5B44E70064572E /* i_allmission.png */; };
		9183CC101E5B44E70064572E /* i_back.png in Resources */ = {isa = PBXBuildFile; fileRef = 9183CBA61E5B44E70064572E /* i_back.png */; };
		9183CC111E5B44E70064572E /* i_botton_pick.png in Resources */ = {isa = PBXBuildFile; fileRef = 9183CBA71E5B44E70064572E /* i_botton_pick.png */; };
		9183CC121E5B44E70064572E /* i_botton_picked.png in Resources */ = {isa = PBXBuildFile; fileRef = 9183CBA81E5B44E70064572E /* i_botton_picked.png */; };
		9183CC131E5B44E70064572E /* i_default_company.png in Resources */ = {isa = PBXBuildFile; fileRef = 9183CBA91E5B44E70064572E /* i_default_company.png */; };
		9183CC141E5B44E70064572E /* i_default_inspector.png in Resources */ = {isa = PBXBuildFile; fileRef = 9183CBAA1E5B44E70064572E /* i_default_inspector.png */; };
		9183CC151E5B44E70064572E /* i_default_institution.png in Resources */ = {isa = PBXBuildFile; fileRef = 9183CBAB1E5B44E70064572E /* i_default_institution.png */; };
		9183CC161E5B44E70064572E /* i_default_shop.png in Resources */ = {isa = PBXBuildFile; fileRef = 9183CBAC1E5B44E70064572E /* i_default_shop.png */; };
		9183CC171E5B44E70064572E /* i_finished.png in Resources */ = {isa = PBXBuildFile; fileRef = 9183CBAD1E5B44E70064572E /* i_finished.png */; };
		9183CC181E5B44E70064572E /* i_home.png in Resources */ = {isa = PBXBuildFile; fileRef = 9183CBAE1E5B44E70064572E /* i_home.png */; };
		9183CC191E5B44E70064572E /* i_location.png in Resources */ = {isa = PBXBuildFile; fileRef = 9183CBAF1E5B44E70064572E /* i_location.png */; };
		9183CC1A1E5B44E70064572E /* i_login_password.png in Resources */ = {isa = PBXBuildFile; fileRef = 9183CBB01E5B44E70064572E /* i_login_password.png */; };
		9183CC1B1E5B44E70064572E /* i_login_shutup.png in Resources */ = {isa = PBXBuildFile; fileRef = 9183CBB11E5B44E70064572E /* i_login_shutup.png */; };
		9183CC1C1E5B44E70064572E /* i_login_user.png in Resources */ = {isa = PBXBuildFile; fileRef = 9183CBB21E5B44E70064572E /* i_login_user.png */; };
		9183CC1E1E5B44E70064572E /* i_map_locked.png in Resources */ = {isa = PBXBuildFile; fileRef = 9183CBB41E5B44E70064572E /* i_map_locked.png */; };
		9183CC1F1E5B44E70064572E /* i_map_unlock.png in Resources */ = {isa = PBXBuildFile; fileRef = 9183CBB51E5B44E70064572E /* i_map_unlock.png */; };
		9183CC201E5B44E70064572E /* i_mine.png in Resources */ = {isa = PBXBuildFile; fileRef = 9183CBB61E5B44E70064572E /* i_mine.png */; };
		9183CC211E5B44E70064572E /* i_mymission.png in Resources */ = {isa = PBXBuildFile; fileRef = 9183CBB71E5B44E70064572E /* i_mymission.png */; };
		9183CC221E5B44E70064572E /* i_next.png in Resources */ = {isa = PBXBuildFile; fileRef = 9183CBB81E5B44E70064572E /* i_next.png */; };
		9183CC231E5B44E70064572E /* i_pos.png in Resources */ = {isa = PBXBuildFile; fileRef = 9183CBB91E5B44E70064572E /* i_pos.png */; };
		9183CC241E5B44E70064572E /* i_search.png in Resources */ = {isa = PBXBuildFile; fileRef = 9183CBBA1E5B44E70064572E /* i_search.png */; };
		9183CC251E5B44E70064572E /* i_store.png in Resources */ = {isa = PBXBuildFile; fileRef = 9183CBBB1E5B44E70064572E /* i_store.png */; };
		9183CC261E5B44E70064572E /* i_unfinished.png in Resources */ = {isa = PBXBuildFile; fileRef = 9183CBBC1E5B44E70064572E /* i_unfinished.png */; };
		9183CC271E5B44E70064572E /* i_updata.png in Resources */ = {isa = PBXBuildFile; fileRef = 9183CBBD1E5B44E70064572E /* i_updata.png */; };
		9183CC291E5B44E70064572E /* loading1.png in Resources */ = {isa = PBXBuildFile; fileRef = 9183CBBF1E5B44E70064572E /* loading1.png */; };
		9183CC2A1E5B44E70064572E /* loading2.png in Resources */ = {isa = PBXBuildFile; fileRef = 9183CBC01E5B44E70064572E /* loading2.png */; };
		9183CC2B1E5B44E70064572E /* loading3.png in Resources */ = {isa = PBXBuildFile; fileRef = 9183CBC11E5B44E70064572E /* loading3.png */; };
		9183CC2C1E5B44E70064572E /* loading4.png in Resources */ = {isa = PBXBuildFile; fileRef = 9183CBC21E5B44E70064572E /* loading4.png */; };
		9183CC2D1E5B44E70064572E /* loading5.png in Resources */ = {isa = PBXBuildFile; fileRef = 9183CBC31E5B44E70064572E /* loading5.png */; };
		9183CC2E1E5B44E70064572E /* loading6.png in Resources */ = {isa = PBXBuildFile; fileRef = 9183CBC41E5B44E70064572E /* loading6.png */; };
		9183CC2F1E5B44E70064572E /* loading7.png in Resources */ = {isa = PBXBuildFile; fileRef = 9183CBC51E5B44E70064572E /* loading7.png */; };
		9183CC301E5B44E70064572E /* loading8.png in Resources */ = {isa = PBXBuildFile; fileRef = 9183CBC61E5B44E70064572E /* loading8.png */; };
		9183CC311E5B44E70064572E /* loading9.png in Resources */ = {isa = PBXBuildFile; fileRef = 9183CBC71E5B44E70064572E /* loading9.png */; };
		9183CC321E5B44E70064572E /* loading10.png in Resources */ = {isa = PBXBuildFile; fileRef = 9183CBC81E5B44E70064572E /* loading10.png */; };
		9183CC331E5B44E70064572E /* loading11.png in Resources */ = {isa = PBXBuildFile; fileRef = 9183CBC91E5B44E70064572E /* loading11.png */; };
		9183CC341E5B44E70064572E /* loading12.png in Resources */ = {isa = PBXBuildFile; fileRef = 9183CBCA1E5B44E70064572E /* loading12.png */; };
		9183CC351E5B44E70064572E /* p_login_logo1.png in Resources */ = {isa = PBXBuildFile; fileRef = 9183CBCB1E5B44E70064572E /* p_login_logo1.png */; };
		9183CC361E5B44E70064572E /* p_login_logo2.png in Resources */ = {isa = PBXBuildFile; fileRef = 9183CBCC1E5B44E70064572E /* p_login_logo2.png */; };
		9183CC371E5B44E70064572E /* p_whitering.png in Resources */ = {isa = PBXBuildFile; fileRef = 9183CBCD1E5B44E70064572E /* p_whitering.png */; };
		9183CC3A1E5B44E70064572E /* toolbar_icon_refresh_available01.png in Resources */ = {isa = PBXBuildFile; fileRef = 9183CBD01E5B44E70064572E /* toolbar_icon_refresh_available01.png */; };
		9183CC3B1E5B44E70064572E /* toolbar_icon_refresh_available02.png in Resources */ = {isa = PBXBuildFile; fileRef = 9183CBD11E5B44E70064572E /* toolbar_icon_refresh_available02.png */; };
		9183CC3C1E5B44E70064572E /* toolbar_icon_refresh_available03.png in Resources */ = {isa = PBXBuildFile; fileRef = 9183CBD21E5B44E70064572E /* toolbar_icon_refresh_available03.png */; };
		9183CC3D1E5B44E70064572E /* toolbar_icon_refresh_available04.png in Resources */ = {isa = PBXBuildFile; fileRef = 9183CBD31E5B44E70064572E /* toolbar_icon_refresh_available04.png */; };
		9183CC3E1E5B44E70064572E /* toolbar_icon_refresh_available05.png in Resources */ = {isa = PBXBuildFile; fileRef = 9183CBD41E5B44E70064572E /* toolbar_icon_refresh_available05.png */; };
		9183CC3F1E5B44E70064572E /* toolbar_icon_refresh_available06.png in Resources */ = {isa = PBXBuildFile; fileRef = 9183CBD51E5B44E70064572E /* toolbar_icon_refresh_available06.png */; };
		9183CC401E5B44E70064572E /* toolbar_icon_refresh_available07.png in Resources */ = {isa = PBXBuildFile; fileRef = 9183CBD61E5B44E70064572E /* toolbar_icon_refresh_available07.png */; };
		9183CC411E5B44E70064572E /* toolbar_icon_refresh_available08.png in Resources */ = {isa = PBXBuildFile; fileRef = 9183CBD71E5B44E70064572E /* toolbar_icon_refresh_available08.png */; };
		918D37371E7724AF00D954B9 /* private_ios.p12 in Resources */ = {isa = PBXBuildFile; fileRef = 918D37351E7724AF00D954B9 /* private_ios.p12 */; };
		918D37381E7724AF00D954B9 /* public_ios.der in Resources */ = {isa = PBXBuildFile; fileRef = 918D37361E7724AF00D954B9 /* public_ios.der */; };
		9195D1741E5C5222007B451F /* IMyTableViewCell.m in Sources */ = {isa = PBXBuildFile; fileRef = 9195D1731E5C5222007B451F /* IMyTableViewCell.m */; };
		9195D1771E5C5232007B451F /* IPublicTableViewCell.m in Sources */ = {isa = PBXBuildFile; fileRef = 9195D1761E5C5232007B451F /* IPublicTableViewCell.m */; };
		9195D17A1E5D68CB007B451F /* IPublicMissionView.m in Sources */ = {isa = PBXBuildFile; fileRef = 9195D1791E5D68CB007B451F /* IPublicMissionView.m */; };
		9195D1841E5DD912007B451F /* AFNRequestManager.m in Sources */ = {isa = PBXBuildFile; fileRef = 9195D1831E5DD912007B451F /* AFNRequestManager.m */; };
		91AA2DCE1E59A01100731F9E /* INewestTableViewCell.m in Sources */ = {isa = PBXBuildFile; fileRef = 91AA2DCD1E59A01100731F9E /* INewestTableViewCell.m */; };
		91B04C211E9B7D62001E9F0C /* my_location.png in Resources */ = {isa = PBXBuildFile; fileRef = 91B04C201E9B7D62001E9F0C /* my_location.png */; };
		91B707B81E758EFE006E76AA /* IAnnotation.m in Sources */ = {isa = PBXBuildFile; fileRef = 91B707B71E758EFE006E76AA /* IAnnotation.m */; };
		91B707BE1E76E4E1006E76AA /* IVersion.m in Sources */ = {isa = PBXBuildFile; fileRef = 91B707BD1E76E4E1006E76AA /* IVersion.m */; };
		91C78C581E680165009AC9A2 /* checked.png in Resources */ = {isa = PBXBuildFile; fileRef = 91C78C541E680165009AC9A2 /* checked.png */; };
		91C78C591E680165009AC9A2 /* checked@2x.png in Resources */ = {isa = PBXBuildFile; fileRef = 91C78C551E680165009AC9A2 /* checked@2x.png */; };
		91C78C5A1E680165009AC9A2 /* unchecked.png in Resources */ = {isa = PBXBuildFile; fileRef = 91C78C561E680165009AC9A2 /* unchecked.png */; };
		91C78C5B1E680165009AC9A2 /* unchecked@2x.png in Resources */ = {isa = PBXBuildFile; fileRef = 91C78C571E680165009AC9A2 /* unchecked@2x.png */; };
		91C78C5E1E68070E009AC9A2 /* MerchInfoViewController.m in Sources */ = {isa = PBXBuildFile; fileRef = 91C78C5D1E68070E009AC9A2 /* MerchInfoViewController.m */; };
		91C78C611E682C4C009AC9A2 /* iMyTask.m in Sources */ = {isa = PBXBuildFile; fileRef = 91C78C601E682C4C009AC9A2 /* iMyTask.m */; };
		91C78C641E69B55F009AC9A2 /* ITextView.m in Sources */ = {isa = PBXBuildFile; fileRef = 91C78C631E69B55F009AC9A2 /* ITextView.m */; };
		91C78C671E6B10DF009AC9A2 /* ILogViewController.m in Sources */ = {isa = PBXBuildFile; fileRef = 91C78C661E6B10DF009AC9A2 /* ILogViewController.m */; };
		91C78C6A1E6B117A009AC9A2 /* IShopViewController.m in Sources */ = {isa = PBXBuildFile; fileRef = 91C78C691E6B117A009AC9A2 /* IShopViewController.m */; };
		91C78C6D1E6B1188009AC9A2 /* ITermViewController.m in Sources */ = {isa = PBXBuildFile; fileRef = 91C78C6C1E6B1188009AC9A2 /* ITermViewController.m */; };
		91C78C701E6B15F0009AC9A2 /* ILogTableViewCell.m in Sources */ = {isa = PBXBuildFile; fileRef = 91C78C6F1E6B15F0009AC9A2 /* ILogTableViewCell.m */; };
		91C78C731E6B2D92009AC9A2 /* IShopTableViewCell.m in Sources */ = {isa = PBXBuildFile; fileRef = 91C78C721E6B2D92009AC9A2 /* IShopTableViewCell.m */; };
		91C78C761E6B2D9D009AC9A2 /* ITermTableViewCell.m in Sources */ = {isa = PBXBuildFile; fileRef = 91C78C751E6B2D9D009AC9A2 /* ITermTableViewCell.m */; };
		91C78C791E6B30F3009AC9A2 /* IShopDetailViewController.m in Sources */ = {isa = PBXBuildFile; fileRef = 91C78C781E6B30F3009AC9A2 /* IShopDetailViewController.m */; };
		91C78C7C1E6B3102009AC9A2 /* ITermDetailViewController.m in Sources */ = {isa = PBXBuildFile; fileRef = 91C78C7B1E6B3102009AC9A2 /* ITermDetailViewController.m */; };
		91C78C7F1E6B31C5009AC9A2 /* INewShopViewController.m in Sources */ = {isa = PBXBuildFile; fileRef = 91C78C7E1E6B31C5009AC9A2 /* INewShopViewController.m */; };
		91C78C821E6B3D01009AC9A2 /* PickerView.m in Sources */ = {isa = PBXBuildFile; fileRef = 91C78C811E6B3D01009AC9A2 /* PickerView.m */; };
		91C78C851E6C050B009AC9A2 /* INewTermViewController.m in Sources */ = {isa = PBXBuildFile; fileRef = 91C78C841E6C050B009AC9A2 /* INewTermViewController.m */; };
		91CDD62E1E6D9AF000ECAF58 /* ITermType.m in Sources */ = {isa = PBXBuildFile; fileRef = 91CDD62D1E6D9AF000ECAF58 /* ITermType.m */; };
		91CDD6351E7033B800ECAF58 /* IMission.m in Sources */ = {isa = PBXBuildFile; fileRef = 91CDD6341E7033B800ECAF58 /* IMission.m */; };
		91F46D131E645D00004491E5 /* IPopupView.m in Sources */ = {isa = PBXBuildFile; fileRef = 91F46D121E645D00004491E5 /* IPopupView.m */; };
		91F46D1C1E6467CC004491E5 /* NSString+MD5.m in Sources */ = {isa = PBXBuildFile; fileRef = 91F46D1B1E6467CC004491E5 /* NSString+MD5.m */; };
		91F46D1E1E646A50004491E5 /* CoreTelephony.framework in Frameworks */ = {isa = PBXBuildFile; fileRef = 91F46D1D1E646A50004491E5 /* CoreTelephony.framework */; };
		91F46D221E646BC0004491E5 /* iPhone.m in Sources */ = {isa = PBXBuildFile; fileRef = 91F46D211E646BC0004491E5 /* iPhone.m */; };
		91F46D251E6572DD004491E5 /* iUser.m in Sources */ = {isa = PBXBuildFile; fileRef = 91F46D241E6572DD004491E5 /* iUser.m */; };
		91F46D2B1E657882004491E5 /* iInst.m in Sources */ = {isa = PBXBuildFile; fileRef = 91F46D2A1E657882004491E5 /* iInst.m */; };
		91F4B4781E98CD1E005968F8 /* MKMapView+ZoomLevel.m in Sources */ = {isa = PBXBuildFile; fileRef = 91F4B4771E98CD1E005968F8 /* MKMapView+ZoomLevel.m */; };
		91F4B47F1E98ECE4005968F8 /* IAnnotationView.m in Sources */ = {isa = PBXBuildFile; fileRef = 91F4B47E1E98ECE4005968F8 /* IAnnotationView.m */; };
		91F4B4811E98F72A005968F8 /* CoreLocation.framework in Frameworks */ = {isa = PBXBuildFile; fileRef = 91F4B4801E98F72A005968F8 /* CoreLocation.framework */; };
		C52AD1EC0EEBFD048764A742 /* Pods_Inspecting.framework in Frameworks */ = {isa = PBXBuildFile; fileRef = 97B58F74EA11F4E1C0CF0F24 /* Pods_Inspecting.framework */; };
/* End PBXBuildFile section */

/* Begin PBXFileReference section */
		1A0DB2BD903CC4F18FE2A065 /* Pods-Inspecting.debug.xcconfig */ = {isa = PBXFileReference; includeInIndex = 1; lastKnownFileType = text.xcconfig; name = "Pods-Inspecting.debug.xcconfig"; path = "Pods/Target Support Files/Pods-Inspecting/Pods-Inspecting.debug.xcconfig"; sourceTree = "<group>"; };
		7F5BCA653F6238E36CA37A69 /* Pods-Inspecting.release.xcconfig */ = {isa = PBXFileReference; includeInIndex = 1; lastKnownFileType = text.xcconfig; name = "Pods-Inspecting.release.xcconfig"; path = "Pods/Target Support Files/Pods-Inspecting/Pods-Inspecting.release.xcconfig"; sourceTree = "<group>"; };
		912C7DDA1E7C3FFE000DAF06 /* IPubTask.h */ = {isa = PBXFileReference; fileEncoding = 4; lastKnownFileType = sourcecode.c.h; path = IPubTask.h; sourceTree = "<group>"; };
		912C7DDB1E7C3FFE000DAF06 /* IPubTask.m */ = {isa = PBXFileReference; fileEncoding = 4; lastKnownFileType = sourcecode.c.objc; path = IPubTask.m; sourceTree = "<group>"; };
		912C7DE01E7D8140000DAF06 /* IPubTaskDetailViewController.h */ = {isa = PBXFileReference; fileEncoding = 4; lastKnownFileType = sourcecode.c.h; path = IPubTaskDetailViewController.h; sourceTree = "<group>"; };
		912C7DE11E7D8140000DAF06 /* IPubTaskDetailViewController.m */ = {isa = PBXFileReference; fileEncoding = 4; lastKnownFileType = sourcecode.c.objc; path = IPubTaskDetailViewController.m; sourceTree = "<group>"; };
		914707B11E781B0200E46B3B /* RSAEncryptor.h */ = {isa = PBXFileReference; fileEncoding = 4; lastKnownFileType = sourcecode.c.h; path = RSAEncryptor.h; sourceTree = "<group>"; };
		914707B21E781B0200E46B3B /* RSAEncryptor.m */ = {isa = PBXFileReference; fileEncoding = 4; lastKnownFileType = sourcecode.c.objc; path = RSAEncryptor.m; sourceTree = "<group>"; };
		91655EA71E66CC120031CFE0 /* Utils.h */ = {isa = PBXFileReference; fileEncoding = 4; lastKnownFileType = sourcecode.c.h; path = Utils.h; sourceTree = "<group>"; };
		91655EA81E66CC120031CFE0 /* Utils.m */ = {isa = PBXFileReference; fileEncoding = 4; lastKnownFileType = sourcecode.c.objc; path = Utils.m; sourceTree = "<group>"; };
		91655EAA1E66DEAB0031CFE0 /* iPublicMission.h */ = {isa = PBXFileReference; fileEncoding = 4; lastKnownFileType = sourcecode.c.h; path = iPublicMission.h; sourceTree = "<group>"; };
		91655EAB1E66DEAB0031CFE0 /* iPublicMission.m */ = {isa = PBXFileReference; fileEncoding = 4; lastKnownFileType = sourcecode.c.objc; path = iPublicMission.m; sourceTree = "<group>"; };
		91655EAD1E6715FC0031CFE0 /* NoneImageView.h */ = {isa = PBXFileReference; fileEncoding = 4; lastKnownFileType = sourcecode.c.h; path = NoneImageView.h; sourceTree = "<group>"; };
		91655EAE1E6715FC0031CFE0 /* NoneImageView.m */ = {isa = PBXFileReference; fileEncoding = 4; lastKnownFileType = sourcecode.c.objc; path = NoneImageView.m; sourceTree = "<group>"; };
		9172A78C1E78EF9C002E90C3 /* RSAEncrypt.h */ = {isa = PBXFileReference; fileEncoding = 4; lastKnownFileType = sourcecode.c.h; path = RSAEncrypt.h; sourceTree = "<group>"; };
		9172A78D1E78EF9C002E90C3 /* RSAEncrypt.m */ = {isa = PBXFileReference; fileEncoding = 4; lastKnownFileType = sourcecode.c.objc; path = RSAEncrypt.m; sourceTree = "<group>"; };
		917964531E58306E00B5E808 /* UIImage+UIImageEx.h */ = {isa = PBXFileReference; fileEncoding = 4; lastKnownFileType = sourcecode.c.h; path = "UIImage+UIImageEx.h"; sourceTree = "<group>"; };
		917964541E58306E00B5E808 /* UIImage+UIImageEx.m */ = {isa = PBXFileReference; fileEncoding = 4; lastKnownFileType = sourcecode.c.objc; path = "UIImage+UIImageEx.m"; sourceTree = "<group>"; };
		91831A7F1E53F4CD00E670B3 /* Inspecting.app */ = {isa = PBXFileReference; explicitFileType = wrapper.application; includeInIndex = 0; path = Inspecting.app; sourceTree = BUILT_PRODUCTS_DIR; };
		91831A831E53F4CD00E670B3 /* main.m */ = {isa = PBXFileReference; lastKnownFileType = sourcecode.c.objc; path = main.m; sourceTree = "<group>"; };
		91831A851E53F4CD00E670B3 /* AppDelegate.h */ = {isa = PBXFileReference; lastKnownFileType = sourcecode.c.h; path = AppDelegate.h; sourceTree = "<group>"; };
		91831A861E53F4CD00E670B3 /* AppDelegate.m */ = {isa = PBXFileReference; lastKnownFileType = sourcecode.c.objc; path = AppDelegate.m; sourceTree = "<group>"; };
		91831A911E53F4CD00E670B3 /* Assets.xcassets */ = {isa = PBXFileReference; lastKnownFileType = folder.assetcatalog; path = Assets.xcassets; sourceTree = "<group>"; };
		91831A941E53F4CD00E670B3 /* Base */ = {isa = PBXFileReference; lastKnownFileType = file.storyboard; name = Base; path = Base.lproj/LaunchScreen.storyboard; sourceTree = "<group>"; };
		91831A961E53F4CD00E670B3 /* Info.plist */ = {isa = PBXFileReference; lastKnownFileType = text.plist.xml; path = Info.plist; sourceTree = "<group>"; };
		91831AA41E54B64900E670B3 /* HomeViewController.h */ = {isa = PBXFileReference; fileEncoding = 4; lastKnownFileType = sourcecode.c.h; path = HomeViewController.h; sourceTree = "<group>"; };
		91831AA51E54B64900E670B3 /* HomeViewController.m */ = {isa = PBXFileReference; fileEncoding = 4; lastKnownFileType = sourcecode.c.objc; path = HomeViewController.m; sourceTree = "<group>"; };
		91831AA71E54B65A00E670B3 /* LoginViewController.h */ = {isa = PBXFileReference; fileEncoding = 4; lastKnownFileType = sourcecode.c.h; path = LoginViewController.h; sourceTree = "<group>"; };
		91831AA81E54B65A00E670B3 /* LoginViewController.m */ = {isa = PBXFileReference; fileEncoding = 4; lastKnownFileType = sourcecode.c.objc; path = LoginViewController.m; sourceTree = "<group>"; };
		91831AAA1E54B67500E670B3 /* PublicMissionViewController.h */ = {isa = PBXFileReference; fileEncoding = 4; lastKnownFileType = sourcecode.c.h; path = PublicMissionViewController.h; sourceTree = "<group>"; };
		91831AAB1E54B67500E670B3 /* PublicMissionViewController.m */ = {isa = PBXFileReference; fileEncoding = 4; lastKnownFileType = sourcecode.c.objc; path = PublicMissionViewController.m; sourceTree = "<group>"; };
		91831AAD1E54B68400E670B3 /* MyMissionViewController.h */ = {isa = PBXFileReference; fileEncoding = 4; lastKnownFileType = sourcecode.c.h; path = MyMissionViewController.h; sourceTree = "<group>"; };
		91831AAE1E54B68400E670B3 /* MyMissionViewController.m */ = {isa = PBXFileReference; fileEncoding = 4; lastKnownFileType = sourcecode.c.objc; path = MyMissionViewController.m; sourceTree = "<group>"; };
		91831AB01E54B6A000E670B3 /* UserInfoViewController.h */ = {isa = PBXFileReference; fileEncoding = 4; lastKnownFileType = sourcecode.c.h; path = UserInfoViewController.h; sourceTree = "<group>"; };
		91831AB11E54B6A000E670B3 /* UserInfoViewController.m */ = {isa = PBXFileReference; fileEncoding = 4; lastKnownFileType = sourcecode.c.objc; path = UserInfoViewController.m; sourceTree = "<group>"; };
		9183CB841E5B44E70064572E /* lineDashTexture.png */ = {isa = PBXFileReference; lastKnownFileType = image.png; name = lineDashTexture.png; path = images/lineDashTexture.png; sourceTree = "<group>"; };
		9183CB871E5B44E70064572E /* main_bottombtn_down.9.png */ = {isa = PBXFileReference; lastKnownFileType = image.png; name = main_bottombtn_down.9.png; path = images/main_bottombtn_down.9.png; sourceTree = "<group>"; };
		9183CB881E5B44E70064572E /* main_bottombtn_up.9.png */ = {isa = PBXFileReference; lastKnownFileType = image.png; name = main_bottombtn_up.9.png; path = images/main_bottombtn_up.9.png; sourceTree = "<group>"; };
		9183CB891E5B44E70064572E /* main_icon_zoomin_dis.png */ = {isa = PBXFileReference; lastKnownFileType = image.png; name = main_icon_zoomin_dis.png; path = images/main_icon_zoomin_dis.png; sourceTree = "<group>"; };
		9183CB8A1E5B44E70064572E /* main_icon_zoomin.png */ = {isa = PBXFileReference; lastKnownFileType = image.png; name = main_icon_zoomin.png; path = images/main_icon_zoomin.png; sourceTree = "<group>"; };
		9183CB8B1E5B44E70064572E /* main_icon_zoomout_dis.png */ = {isa = PBXFileReference; lastKnownFileType = image.png; name = main_icon_zoomout_dis.png; path = images/main_icon_zoomout_dis.png; sourceTree = "<group>"; };
		9183CB8C1E5B44E70064572E /* main_icon_zoomout.png */ = {isa = PBXFileReference; lastKnownFileType = image.png; name = main_icon_zoomout.png; path = images/main_icon_zoomout.png; sourceTree = "<group>"; };
		9183CB8D1E5B44E70064572E /* main_topbtn_down.9.png */ = {isa = PBXFileReference; lastKnownFileType = image.png; name = main_topbtn_down.9.png; path = images/main_topbtn_down.9.png; sourceTree = "<group>"; };
		9183CB8E1E5B44E70064572E /* main_topbtn_up.9.png */ = {isa = PBXFileReference; lastKnownFileType = image.png; name = main_topbtn_up.9.png; path = images/main_topbtn_up.9.png; sourceTree = "<group>"; };
		9183CB8F1E5B44E70064572E /* icon_default.png */ = {isa = PBXFileReference; lastKnownFileType = image.png; name = icon_default.png; path = images/icon_default.png; sourceTree = "<group>"; };
		9183CB901E5B44E70064572E /* icon.png */ = {isa = PBXFileReference; lastKnownFileType = image.png; name = icon.png; path = images/icon.png; sourceTree = "<group>"; };
		9183CB911E5B44E70064572E /* p_login_logo3.png */ = {isa = PBXFileReference; lastKnownFileType = image.png; name = p_login_logo3.png; path = images/p_login_logo3.png; sourceTree = "<group>"; };
		9183CB941E5B44E70064572E /* i_add_posdown.png */ = {isa = PBXFileReference; lastKnownFileType = image.png; name = i_add_posdown.png; path = images/i_add_posdown.png; sourceTree = "<group>"; };
		9183CB951E5B44E70064572E /* i_add_posup.png */ = {isa = PBXFileReference; lastKnownFileType = image.png; name = i_add_posup.png; path = images/i_add_posup.png; sourceTree = "<group>"; };
		9183CB961E5B44E70064572E /* i_add_jycs.png */ = {isa = PBXFileReference; lastKnownFileType = image.png; name = i_add_jycs.png; path = images/i_add_jycs.png; sourceTree = "<group>"; };
		9183CB971E5B44E70064572E /* i_add_mmzp.png */ = {isa = PBXFileReference; lastKnownFileType = image.png; name = i_add_mmzp.png; path = images/i_add_mmzp.png; sourceTree = "<group>"; };
		9183CB981E5B44E70064572E /* i_add_yyzz.png */ = {isa = PBXFileReference; lastKnownFileType = image.png; name = i_add_yyzz.png; path = images/i_add_yyzz.png; sourceTree = "<group>"; };
		9183CB991E5B44E70064572E /* i_add_zp.png */ = {isa = PBXFileReference; lastKnownFileType = image.png; name = i_add_zp.png; path = images/i_add_zp.png; sourceTree = "<group>"; };
		9183CB9A1E5B44E70064572E /* a_finished.png */ = {isa = PBXFileReference; lastKnownFileType = image.png; name = a_finished.png; path = images/a_finished.png; sourceTree = "<group>"; };
		9183CB9B1E5B44E70064572E /* a_unfinished.png */ = {isa = PBXFileReference; lastKnownFileType = image.png; name = a_unfinished.png; path = images/a_unfinished.png; sourceTree = "<group>"; };
		9183CB9C1E5B44E70064572E /* b_login_conform.9.png */ = {isa = PBXFileReference; lastKnownFileType = image.png; name = b_login_conform.9.png; path = images/b_login_conform.9.png; sourceTree = "<group>"; };
		9183CB9D1E5B44E70064572E /* b_login_input.9.png */ = {isa = PBXFileReference; lastKnownFileType = image.png; name = b_login_input.9.png; path = images/b_login_input.9.png; sourceTree = "<group>"; };
		9183CB9E1E5B44E70064572E /* b_protrait.png */ = {isa = PBXFileReference; lastKnownFileType = image.png; name = b_protrait.png; path = images/b_protrait.png; sourceTree = "<group>"; };
		9183CB9F1E5B44E70064572E /* bk_pic_store.png */ = {isa = PBXFileReference; lastKnownFileType = image.png; name = bk_pic_store.png; path = images/bk_pic_store.png; sourceTree = "<group>"; };
		9183CBA01E5B44E70064572E /* bk_protrait.png */ = {isa = PBXFileReference; lastKnownFileType = image.png; name = bk_protrait.png; path = images/bk_protrait.png; sourceTree = "<group>"; };
		9183CBA11E5B44E70064572E /* dialog_cancel.png */ = {isa = PBXFileReference; lastKnownFileType = image.png; name = dialog_cancel.png; path = images/dialog_cancel.png; sourceTree = "<group>"; };
		9183CBA21E5B44E70064572E /* dialog_ok.png */ = {isa = PBXFileReference; lastKnownFileType = image.png; name = dialog_ok.png; path = images/dialog_ok.png; sourceTree = "<group>"; };
		9183CBA31E5B44E70064572E /* i_add_pic.png */ = {isa = PBXFileReference; lastKnownFileType = image.png; name = i_add_pic.png; path = images/i_add_pic.png; sourceTree = "<group>"; };
		9183CBA41E5B44E70064572E /* i_add.png */ = {isa = PBXFileReference; lastKnownFileType = image.png; name = i_add.png; path = images/i_add.png; sourceTree = "<group>"; };
		9183CBA51E5B44E70064572E /* i_allmission.png */ = {isa = PBXFileReference; lastKnownFileType = image.png; name = i_allmission.png; path = images/i_allmission.png; sourceTree = "<group>"; };
		9183CBA61E5B44E70064572E /* i_back.png */ = {isa = PBXFileReference; lastKnownFileType = image.png; name = i_back.png; path = images/i_back.png; sourceTree = "<group>"; };
		9183CBA71E5B44E70064572E /* i_botton_pick.png */ = {isa = PBXFileReference; lastKnownFileType = image.png; name = i_botton_pick.png; path = images/i_botton_pick.png; sourceTree = "<group>"; };
		9183CBA81E5B44E70064572E /* i_botton_picked.png */ = {isa = PBXFileReference; lastKnownFileType = image.png; name = i_botton_picked.png; path = images/i_botton_picked.png; sourceTree = "<group>"; };
		9183CBA91E5B44E70064572E /* i_default_company.png */ = {isa = PBXFileReference; lastKnownFileType = image.png; name = i_default_company.png; path = images/i_default_company.png; sourceTree = "<group>"; };
		9183CBAA1E5B44E70064572E /* i_default_inspector.png */ = {isa = PBXFileReference; lastKnownFileType = image.png; name = i_default_inspector.png; path = images/i_default_inspector.png; sourceTree = "<group>"; };
		9183CBAB1E5B44E70064572E /* i_default_institution.png */ = {isa = PBXFileReference; lastKnownFileType = image.png; name = i_default_institution.png; path = images/i_default_institution.png; sourceTree = "<group>"; };
		9183CBAC1E5B44E70064572E /* i_default_shop.png */ = {isa = PBXFileReference; lastKnownFileType = image.png; name = i_default_shop.png; path = images/i_default_shop.png; sourceTree = "<group>"; };
		9183CBAD1E5B44E70064572E /* i_finished.png */ = {isa = PBXFileReference; lastKnownFileType = image.png; name = i_finished.png; path = images/i_finished.png; sourceTree = "<group>"; };
		9183CBAE1E5B44E70064572E /* i_home.png */ = {isa = PBXFileReference; lastKnownFileType = image.png; name = i_home.png; path = images/i_home.png; sourceTree = "<group>"; };
		9183CBAF1E5B44E70064572E /* i_location.png */ = {isa = PBXFileReference; lastKnownFileType = image.png; name = i_location.png; path = images/i_location.png; sourceTree = "<group>"; };
		9183CBB01E5B44E70064572E /* i_login_password.png */ = {isa = PBXFileReference; lastKnownFileType = image.png; name = i_login_password.png; path = images/i_login_password.png; sourceTree = "<group>"; };
		9183CBB11E5B44E70064572E /* i_login_shutup.png */ = {isa = PBXFileReference; lastKnownFileType = image.png; name = i_login_shutup.png; path = images/i_login_shutup.png; sourceTree = "<group>"; };
		9183CBB21E5B44E70064572E /* i_login_user.png */ = {isa = PBXFileReference; lastKnownFileType = image.png; name = i_login_user.png; path = images/i_login_user.png; sourceTree = "<group>"; };
		9183CBB41E5B44E70064572E /* i_map_locked.png */ = {isa = PBXFileReference; lastKnownFileType = image.png; name = i_map_locked.png; path = images/i_map_locked.png; sourceTree = "<group>"; };
		9183CBB51E5B44E70064572E /* i_map_unlock.png */ = {isa = PBXFileReference; lastKnownFileType = image.png; name = i_map_unlock.png; path = images/i_map_unlock.png; sourceTree = "<group>"; };
		9183CBB61E5B44E70064572E /* i_mine.png */ = {isa = PBXFileReference; lastKnownFileType = image.png; name = i_mine.png; path = images/i_mine.png; sourceTree = "<group>"; };
		9183CBB71E5B44E70064572E /* i_mymission.png */ = {isa = PBXFileReference; lastKnownFileType = image.png; name = i_mymission.png; path = images/i_mymission.png; sourceTree = "<group>"; };
		9183CBB81E5B44E70064572E /* i_next.png */ = {isa = PBXFileReference; lastKnownFileType = image.png; name = i_next.png; path = images/i_next.png; sourceTree = "<group>"; };
		9183CBB91E5B44E70064572E /* i_pos.png */ = {isa = PBXFileReference; lastKnownFileType = image.png; name = i_pos.png; path = images/i_pos.png; sourceTree = "<group>"; };
		9183CBBA1E5B44E70064572E /* i_search.png */ = {isa = PBXFileReference; lastKnownFileType = image.png; name = i_search.png; path = images/i_search.png; sourceTree = "<group>"; };
		9183CBBB1E5B44E70064572E /* i_store.png */ = {isa = PBXFileReference; lastKnownFileType = image.png; name = i_store.png; path = images/i_store.png; sourceTree = "<group>"; };
		9183CBBC1E5B44E70064572E /* i_unfinished.png */ = {isa = PBXFileReference; lastKnownFileType = image.png; name = i_unfinished.png; path = images/i_unfinished.png; sourceTree = "<group>"; };
		9183CBBD1E5B44E70064572E /* i_updata.png */ = {isa = PBXFileReference; lastKnownFileType = image.png; name = i_updata.png; path = images/i_updata.png; sourceTree = "<group>"; };
		9183CBBF1E5B44E70064572E /* loading1.png */ = {isa = PBXFileReference; lastKnownFileType = image.png; name = loading1.png; path = images/loading1.png; sourceTree = "<group>"; };
		9183CBC01E5B44E70064572E /* loading2.png */ = {isa = PBXFileReference; lastKnownFileType = image.png; name = loading2.png; path = images/loading2.png; sourceTree = "<group>"; };
		9183CBC11E5B44E70064572E /* loading3.png */ = {isa = PBXFileReference; lastKnownFileType = image.png; name = loading3.png; path = images/loading3.png; sourceTree = "<group>"; };
		9183CBC21E5B44E70064572E /* loading4.png */ = {isa = PBXFileReference; lastKnownFileType = image.png; name = loading4.png; path = images/loading4.png; sourceTree = "<group>"; };
		9183CBC31E5B44E70064572E /* loading5.png */ = {isa = PBXFileReference; lastKnownFileType = image.png; name = loading5.png; path = images/loading5.png; sourceTree = "<group>"; };
		9183CBC41E5B44E70064572E /* loading6.png */ = {isa = PBXFileReference; lastKnownFileType = image.png; name = loading6.png; path = images/loading6.png; sourceTree = "<group>"; };
		9183CBC51E5B44E70064572E /* loading7.png */ = {isa = PBXFileReference; lastKnownFileType = image.png; name = loading7.png; path = images/loading7.png; sourceTree = "<group>"; };
		9183CBC61E5B44E70064572E /* loading8.png */ = {isa = PBXFileReference; lastKnownFileType = image.png; name = loading8.png; path = images/loading8.png; sourceTree = "<group>"; };
		9183CBC71E5B44E70064572E /* loading9.png */ = {isa = PBXFileReference; lastKnownFileType = image.png; name = loading9.png; path = images/loading9.png; sourceTree = "<group>"; };
		9183CBC81E5B44E70064572E /* loading10.png */ = {isa = PBXFileReference; lastKnownFileType = image.png; name = loading10.png; path = images/loading10.png; sourceTree = "<group>"; };
		9183CBC91E5B44E70064572E /* loading11.png */ = {isa = PBXFileReference; lastKnownFileType = image.png; name = loading11.png; path = images/loading11.png; sourceTree = "<group>"; };
		9183CBCA1E5B44E70064572E /* loading12.png */ = {isa = PBXFileReference; lastKnownFileType = image.png; name = loading12.png; path = images/loading12.png; sourceTree = "<group>"; };
		9183CBCB1E5B44E70064572E /* p_login_logo1.png */ = {isa = PBXFileReference; lastKnownFileType = image.png; name = p_login_logo1.png; path = images/p_login_logo1.png; sourceTree = "<group>"; };
		9183CBCC1E5B44E70064572E /* p_login_logo2.png */ = {isa = PBXFileReference; lastKnownFileType = image.png; name = p_login_logo2.png; path = images/p_login_logo2.png; sourceTree = "<group>"; };
		9183CBCD1E5B44E70064572E /* p_whitering.png */ = {isa = PBXFileReference; lastKnownFileType = image.png; name = p_whitering.png; path = images/p_whitering.png; sourceTree = "<group>"; };
		9183CBD01E5B44E70064572E /* toolbar_icon_refresh_available01.png */ = {isa = PBXFileReference; lastKnownFileType = image.png; name = toolbar_icon_refresh_available01.png; path = images/toolbar_icon_refresh_available01.png; sourceTree = "<group>"; };
		9183CBD11E5B44E70064572E /* toolbar_icon_refresh_available02.png */ = {isa = PBXFileReference; lastKnownFileType = image.png; name = toolbar_icon_refresh_available02.png; path = images/toolbar_icon_refresh_available02.png; sourceTree = "<group>"; };
		9183CBD21E5B44E70064572E /* toolbar_icon_refresh_available03.png */ = {isa = PBXFileReference; lastKnownFileType = image.png; name = toolbar_icon_refresh_available03.png; path = images/toolbar_icon_refresh_available03.png; sourceTree = "<group>"; };
		9183CBD31E5B44E70064572E /* toolbar_icon_refresh_available04.png */ = {isa = PBXFileReference; lastKnownFileType = image.png; name = toolbar_icon_refresh_available04.png; path = images/toolbar_icon_refresh_available04.png; sourceTree = "<group>"; };
		9183CBD41E5B44E70064572E /* toolbar_icon_refresh_available05.png */ = {isa = PBXFileReference; lastKnownFileType = image.png; name = toolbar_icon_refresh_available05.png; path = images/toolbar_icon_refresh_available05.png; sourceTree = "<group>"; };
		9183CBD51E5B44E70064572E /* toolbar_icon_refresh_available06.png */ = {isa = PBXFileReference; lastKnownFileType = image.png; name = toolbar_icon_refresh_available06.png; path = images/toolbar_icon_refresh_available06.png; sourceTree = "<group>"; };
		9183CBD61E5B44E70064572E /* toolbar_icon_refresh_available07.png */ = {isa = PBXFileReference; lastKnownFileType = image.png; name = toolbar_icon_refresh_available07.png; path = images/toolbar_icon_refresh_available07.png; sourceTree = "<group>"; };
		9183CBD71E5B44E70064572E /* toolbar_icon_refresh_available08.png */ = {isa = PBXFileReference; lastKnownFileType = image.png; name = toolbar_icon_refresh_available08.png; path = images/toolbar_icon_refresh_available08.png; sourceTree = "<group>"; };
		918D372D1E771C6600D954B9 /* Security.framework */ = {isa = PBXFileReference; lastKnownFileType = wrapper.framework; name = Security.framework; path = System/Library/Frameworks/Security.framework; sourceTree = SDKROOT; };
		918D37351E7724AF00D954B9 /* private_ios.p12 */ = {isa = PBXFileReference; lastKnownFileType = file; path = private_ios.p12; sourceTree = "<group>"; };
		918D37361E7724AF00D954B9 /* public_ios.der */ = {isa = PBXFileReference; lastKnownFileType = file; path = public_ios.der; sourceTree = "<group>"; };
		9195D1721E5C5222007B451F /* IMyTableViewCell.h */ = {isa = PBXFileReference; fileEncoding = 4; lastKnownFileType = sourcecode.c.h; path = IMyTableViewCell.h; sourceTree = "<group>"; };
		9195D1731E5C5222007B451F /* IMyTableViewCell.m */ = {isa = PBXFileReference; fileEncoding = 4; lastKnownFileType = sourcecode.c.objc; path = IMyTableViewCell.m; sourceTree = "<group>"; };
		9195D1751E5C5232007B451F /* IPublicTableViewCell.h */ = {isa = PBXFileReference; fileEncoding = 4; lastKnownFileType = sourcecode.c.h; path = IPublicTableViewCell.h; sourceTree = "<group>"; };
		9195D1761E5C5232007B451F /* IPublicTableViewCell.m */ = {isa = PBXFileReference; fileEncoding = 4; lastKnownFileType = sourcecode.c.objc; path = IPublicTableViewCell.m; sourceTree = "<group>"; };
		9195D1781E5D68CB007B451F /* IPublicMissionView.h */ = {isa = PBXFileReference; fileEncoding = 4; lastKnownFileType = sourcecode.c.h; path = IPublicMissionView.h; sourceTree = "<group>"; };
		9195D1791E5D68CB007B451F /* IPublicMissionView.m */ = {isa = PBXFileReference; fileEncoding = 4; lastKnownFileType = sourcecode.c.objc; path = IPublicMissionView.m; sourceTree = "<group>"; };
		9195D1821E5DD912007B451F /* AFNRequestManager.h */ = {isa = PBXFileReference; fileEncoding = 4; lastKnownFileType = sourcecode.c.h; path = AFNRequestManager.h; sourceTree = "<group>"; };
		9195D1831E5DD912007B451F /* AFNRequestManager.m */ = {isa = PBXFileReference; fileEncoding = 4; lastKnownFileType = sourcecode.c.objc; path = AFNRequestManager.m; sourceTree = "<group>"; };
		91A5980E1E8D57BF000A94D7 /* libsqlite3.0.tbd */ = {isa = PBXFileReference; lastKnownFileType = "sourcecode.text-based-dylib-definition"; name = libsqlite3.0.tbd; path = usr/lib/libsqlite3.0.tbd; sourceTree = SDKROOT; };
		91A598101E8D57CB000A94D7 /* libstdc++.6.0.9.tbd */ = {isa = PBXFileReference; lastKnownFileType = "sourcecode.text-based-dylib-definition"; name = "libstdc++.6.0.9.tbd"; path = "usr/lib/libstdc++.6.0.9.tbd"; sourceTree = SDKROOT; };
		91AA2DCC1E59A01100731F9E /* INewestTableViewCell.h */ = {isa = PBXFileReference; fileEncoding = 4; lastKnownFileType = sourcecode.c.h; path = INewestTableViewCell.h; sourceTree = "<group>"; };
		91AA2DCD1E59A01100731F9E /* INewestTableViewCell.m */ = {isa = PBXFileReference; fileEncoding = 4; lastKnownFileType = sourcecode.c.objc; path = INewestTableViewCell.m; sourceTree = "<group>"; };
		91B04C201E9B7D62001E9F0C /* my_location.png */ = {isa = PBXFileReference; lastKnownFileType = image.png; name = my_location.png; path = images/my_location.png; sourceTree = "<group>"; };
		91B707B61E758EFE006E76AA /* IAnnotation.h */ = {isa = PBXFileReference; fileEncoding = 4; lastKnownFileType = sourcecode.c.h; path = IAnnotation.h; sourceTree = "<group>"; };
		91B707B71E758EFE006E76AA /* IAnnotation.m */ = {isa = PBXFileReference; fileEncoding = 4; lastKnownFileType = sourcecode.c.objc; path = IAnnotation.m; sourceTree = "<group>"; };
		91B707BC1E76E4E1006E76AA /* IVersion.h */ = {isa = PBXFileReference; fileEncoding = 4; lastKnownFileType = sourcecode.c.h; path = IVersion.h; sourceTree = "<group>"; };
		91B707BD1E76E4E1006E76AA /* IVersion.m */ = {isa = PBXFileReference; fileEncoding = 4; lastKnownFileType = sourcecode.c.objc; path = IVersion.m; sourceTree = "<group>"; };
		91C78C541E680165009AC9A2 /* checked.png */ = {isa = PBXFileReference; lastKnownFileType = image.png; name = checked.png; path = images/checked.png; sourceTree = "<group>"; };
		91C78C551E680165009AC9A2 /* checked@2x.png */ = {isa = PBXFileReference; lastKnownFileType = image.png; name = "checked@2x.png"; path = "images/checked@2x.png"; sourceTree = "<group>"; };
		91C78C561E680165009AC9A2 /* unchecked.png */ = {isa = PBXFileReference; lastKnownFileType = image.png; name = unchecked.png; path = images/unchecked.png; sourceTree = "<group>"; };
		91C78C571E680165009AC9A2 /* unchecked@2x.png */ = {isa = PBXFileReference; lastKnownFileType = image.png; name = "unchecked@2x.png"; path = "images/unchecked@2x.png"; sourceTree = "<group>"; };
		91C78C5C1E68070E009AC9A2 /* MerchInfoViewController.h */ = {isa = PBXFileReference; fileEncoding = 4; lastKnownFileType = sourcecode.c.h; path = MerchInfoViewController.h; sourceTree = "<group>"; };
		91C78C5D1E68070E009AC9A2 /* MerchInfoViewController.m */ = {isa = PBXFileReference; fileEncoding = 4; lastKnownFileType = sourcecode.c.objc; path = MerchInfoViewController.m; sourceTree = "<group>"; };
		91C78C5F1E682C4C009AC9A2 /* iMyTask.h */ = {isa = PBXFileReference; fileEncoding = 4; lastKnownFileType = sourcecode.c.h; path = iMyTask.h; sourceTree = "<group>"; };
		91C78C601E682C4C009AC9A2 /* iMyTask.m */ = {isa = PBXFileReference; fileEncoding = 4; lastKnownFileType = sourcecode.c.objc; path = iMyTask.m; sourceTree = "<group>"; };
		91C78C621E69B55F009AC9A2 /* ITextView.h */ = {isa = PBXFileReference; fileEncoding = 4; lastKnownFileType = sourcecode.c.h; path = ITextView.h; sourceTree = "<group>"; };
		91C78C631E69B55F009AC9A2 /* ITextView.m */ = {isa = PBXFileReference; fileEncoding = 4; lastKnownFileType = sourcecode.c.objc; path = ITextView.m; sourceTree = "<group>"; };
		91C78C651E6B10DF009AC9A2 /* ILogViewController.h */ = {isa = PBXFileReference; fileEncoding = 4; lastKnownFileType = sourcecode.c.h; path = ILogViewController.h; sourceTree = "<group>"; };
		91C78C661E6B10DF009AC9A2 /* ILogViewController.m */ = {isa = PBXFileReference; fileEncoding = 4; lastKnownFileType = sourcecode.c.objc; path = ILogViewController.m; sourceTree = "<group>"; };
		91C78C681E6B117A009AC9A2 /* IShopViewController.h */ = {isa = PBXFileReference; fileEncoding = 4; lastKnownFileType = sourcecode.c.h; path = IShopViewController.h; sourceTree = "<group>"; };
		91C78C691E6B117A009AC9A2 /* IShopViewController.m */ = {isa = PBXFileReference; fileEncoding = 4; lastKnownFileType = sourcecode.c.objc; path = IShopViewController.m; sourceTree = "<group>"; };
		91C78C6B1E6B1188009AC9A2 /* ITermViewController.h */ = {isa = PBXFileReference; fileEncoding = 4; lastKnownFileType = sourcecode.c.h; path = ITermViewController.h; sourceTree = "<group>"; };
		91C78C6C1E6B1188009AC9A2 /* ITermViewController.m */ = {isa = PBXFileReference; fileEncoding = 4; lastKnownFileType = sourcecode.c.objc; path = ITermViewController.m; sourceTree = "<group>"; };
		91C78C6E1E6B15F0009AC9A2 /* ILogTableViewCell.h */ = {isa = PBXFileReference; fileEncoding = 4; lastKnownFileType = sourcecode.c.h; path = ILogTableViewCell.h; sourceTree = "<group>"; };
		91C78C6F1E6B15F0009AC9A2 /* ILogTableViewCell.m */ = {isa = PBXFileReference; fileEncoding = 4; lastKnownFileType = sourcecode.c.objc; path = ILogTableViewCell.m; sourceTree = "<group>"; };
		91C78C711E6B2D92009AC9A2 /* IShopTableViewCell.h */ = {isa = PBXFileReference; fileEncoding = 4; lastKnownFileType = sourcecode.c.h; path = IShopTableViewCell.h; sourceTree = "<group>"; };
		91C78C721E6B2D92009AC9A2 /* IShopTableViewCell.m */ = {isa = PBXFileReference; fileEncoding = 4; lastKnownFileType = sourcecode.c.objc; path = IShopTableViewCell.m; sourceTree = "<group>"; };
		91C78C741E6B2D9D009AC9A2 /* ITermTableViewCell.h */ = {isa = PBXFileReference; fileEncoding = 4; lastKnownFileType = sourcecode.c.h; path = ITermTableViewCell.h; sourceTree = "<group>"; };
		91C78C751E6B2D9D009AC9A2 /* ITermTableViewCell.m */ = {isa = PBXFileReference; fileEncoding = 4; lastKnownFileType = sourcecode.c.objc; path = ITermTableViewCell.m; sourceTree = "<group>"; };
		91C78C771E6B30F3009AC9A2 /* IShopDetailViewController.h */ = {isa = PBXFileReference; fileEncoding = 4; lastKnownFileType = sourcecode.c.h; path = IShopDetailViewController.h; sourceTree = "<group>"; };
		91C78C781E6B30F3009AC9A2 /* IShopDetailViewController.m */ = {isa = PBXFileReference; fileEncoding = 4; lastKnownFileType = sourcecode.c.objc; path = IShopDetailViewController.m; sourceTree = "<group>"; };
		91C78C7A1E6B3102009AC9A2 /* ITermDetailViewController.h */ = {isa = PBXFileReference; fileEncoding = 4; lastKnownFileType = sourcecode.c.h; path = ITermDetailViewController.h; sourceTree = "<group>"; };
		91C78C7B1E6B3102009AC9A2 /* ITermDetailViewController.m */ = {isa = PBXFileReference; fileEncoding = 4; lastKnownFileType = sourcecode.c.objc; path = ITermDetailViewController.m; sourceTree = "<group>"; };
		91C78C7D1E6B31C5009AC9A2 /* INewShopViewController.h */ = {isa = PBXFileReference; fileEncoding = 4; lastKnownFileType = sourcecode.c.h; path = INewShopViewController.h; sourceTree = "<group>"; };
		91C78C7E1E6B31C5009AC9A2 /* INewShopViewController.m */ = {isa = PBXFileReference; fileEncoding = 4; lastKnownFileType = sourcecode.c.objc; path = INewShopViewController.m; sourceTree = "<group>"; };
		91C78C801E6B3D01009AC9A2 /* PickerView.h */ = {isa = PBXFileReference; fileEncoding = 4; lastKnownFileType = sourcecode.c.h; path = PickerView.h; sourceTree = "<group>"; };
		91C78C811E6B3D01009AC9A2 /* PickerView.m */ = {isa = PBXFileReference; fileEncoding = 4; lastKnownFileType = sourcecode.c.objc; path = PickerView.m; sourceTree = "<group>"; };
		91C78C831E6C050B009AC9A2 /* INewTermViewController.h */ = {isa = PBXFileReference; fileEncoding = 4; lastKnownFileType = sourcecode.c.h; path = INewTermViewController.h; sourceTree = "<group>"; };
		91C78C841E6C050B009AC9A2 /* INewTermViewController.m */ = {isa = PBXFileReference; fileEncoding = 4; lastKnownFileType = sourcecode.c.objc; path = INewTermViewController.m; sourceTree = "<group>"; };
		91CDD62C1E6D9AF000ECAF58 /* ITermType.h */ = {isa = PBXFileReference; fileEncoding = 4; lastKnownFileType = sourcecode.c.h; path = ITermType.h; sourceTree = "<group>"; };
		91CDD62D1E6D9AF000ECAF58 /* ITermType.m */ = {isa = PBXFileReference; fileEncoding = 4; lastKnownFileType = sourcecode.c.objc; path = ITermType.m; sourceTree = "<group>"; };
		91CDD6331E7033B800ECAF58 /* IMission.h */ = {isa = PBXFileReference; fileEncoding = 4; lastKnownFileType = sourcecode.c.h; path = IMission.h; sourceTree = "<group>"; };
		91CDD6341E7033B800ECAF58 /* IMission.m */ = {isa = PBXFileReference; fileEncoding = 4; lastKnownFileType = sourcecode.c.objc; path = IMission.m; sourceTree = "<group>"; };
		91CDD6361E7075FC00ECAF58 /* zh-Hans */ = {isa = PBXFileReference; lastKnownFileType = text.plist.strings; name = "zh-Hans"; path = "zh-Hans.lproj/LaunchScreen.strings"; sourceTree = "<group>"; };
		91F46D111E645D00004491E5 /* IPopupView.h */ = {isa = PBXFileReference; fileEncoding = 4; lastKnownFileType = sourcecode.c.h; path = IPopupView.h; sourceTree = "<group>"; };
		91F46D121E645D00004491E5 /* IPopupView.m */ = {isa = PBXFileReference; fileEncoding = 4; lastKnownFileType = sourcecode.c.objc; path = IPopupView.m; sourceTree = "<group>"; };
		91F46D1A1E6467CC004491E5 /* NSString+MD5.h */ = {isa = PBXFileReference; fileEncoding = 4; lastKnownFileType = sourcecode.c.h; path = "NSString+MD5.h"; sourceTree = "<group>"; };
		91F46D1B1E6467CC004491E5 /* NSString+MD5.m */ = {isa = PBXFileReference; fileEncoding = 4; lastKnownFileType = sourcecode.c.objc; path = "NSString+MD5.m"; sourceTree = "<group>"; };
		91F46D1D1E646A50004491E5 /* CoreTelephony.framework */ = {isa = PBXFileReference; lastKnownFileType = wrapper.framework; name = CoreTelephony.framework; path = System/Library/Frameworks/CoreTelephony.framework; sourceTree = SDKROOT; };
		91F46D201E646BC0004491E5 /* iPhone.h */ = {isa = PBXFileReference; fileEncoding = 4; lastKnownFileType = sourcecode.c.h; path = iPhone.h; sourceTree = "<group>"; };
		91F46D211E646BC0004491E5 /* iPhone.m */ = {isa = PBXFileReference; fileEncoding = 4; lastKnownFileType = sourcecode.c.objc; path = iPhone.m; sourceTree = "<group>"; };
		91F46D231E6572DD004491E5 /* iUser.h */ = {isa = PBXFileReference; fileEncoding = 4; lastKnownFileType = sourcecode.c.h; path = iUser.h; sourceTree = "<group>"; };
		91F46D241E6572DD004491E5 /* iUser.m */ = {isa = PBXFileReference; fileEncoding = 4; lastKnownFileType = sourcecode.c.objc; path = iUser.m; sourceTree = "<group>"; };
		91F46D291E657882004491E5 /* iInst.h */ = {isa = PBXFileReference; fileEncoding = 4; lastKnownFileType = sourcecode.c.h; path = iInst.h; sourceTree = "<group>"; };
		91F46D2A1E657882004491E5 /* iInst.m */ = {isa = PBXFileReference; fileEncoding = 4; lastKnownFileType = sourcecode.c.objc; path = iInst.m; sourceTree = "<group>"; };
		91F4B4761E98CD1E005968F8 /* MKMapView+ZoomLevel.h */ = {isa = PBXFileReference; fileEncoding = 4; lastKnownFileType = sourcecode.c.h; path = "MKMapView+ZoomLevel.h"; sourceTree = "<group>"; };
		91F4B4771E98CD1E005968F8 /* MKMapView+ZoomLevel.m */ = {isa = PBXFileReference; fileEncoding = 4; lastKnownFileType = sourcecode.c.objc; path = "MKMapView+ZoomLevel.m"; sourceTree = "<group>"; };
		91F4B47D1E98ECE4005968F8 /* IAnnotationView.h */ = {isa = PBXFileReference; fileEncoding = 4; lastKnownFileType = sourcecode.c.h; path = IAnnotationView.h; sourceTree = "<group>"; };
		91F4B47E1E98ECE4005968F8 /* IAnnotationView.m */ = {isa = PBXFileReference; fileEncoding = 4; lastKnownFileType = sourcecode.c.objc; path = IAnnotationView.m; sourceTree = "<group>"; };
		91F4B4801E98F72A005968F8 /* CoreLocation.framework */ = {isa = PBXFileReference; lastKnownFileType = wrapper.framework; name = CoreLocation.framework; path = System/Library/Frameworks/CoreLocation.framework; sourceTree = SDKROOT; };
		97B58F74EA11F4E1C0CF0F24 /* Pods_Inspecting.framework */ = {isa = PBXFileReference; explicitFileType = wrapper.framework; includeInIndex = 0; path = Pods_Inspecting.framework; sourceTree = BUILT_PRODUCTS_DIR; };
/* End PBXFileReference section */

/* Begin PBXFrameworksBuildPhase section */
		91831A7C1E53F4CD00E670B3 /* Frameworks */ = {
			isa = PBXFrameworksBuildPhase;
			buildActionMask = 2147483647;
			files = (
				91F4B4811E98F72A005968F8 /* CoreLocation.framework in Frameworks */,
				91F46D1E1E646A50004491E5 /* CoreTelephony.framework in Frameworks */,
				C52AD1EC0EEBFD048764A742 /* Pods_Inspecting.framework in Frameworks */,
			);
			runOnlyForDeploymentPostprocessing = 0;
		};
/* End PBXFrameworksBuildPhase section */

/* Begin PBXGroup section */
		48643B3600B58A3BB190BF81 /* Pods */ = {
			isa = PBXGroup;
			children = (
				1A0DB2BD903CC4F18FE2A065 /* Pods-Inspecting.debug.xcconfig */,
				7F5BCA653F6238E36CA37A69 /* Pods-Inspecting.release.xcconfig */,
			);
			name = Pods;
			sourceTree = "<group>";
		};
		917964521E582FE300B5E808 /* Utils */ = {
			isa = PBXGroup;
			children = (
				9172A78C1E78EF9C002E90C3 /* RSAEncrypt.h */,
				9172A78D1E78EF9C002E90C3 /* RSAEncrypt.m */,
				917964531E58306E00B5E808 /* UIImage+UIImageEx.h */,
				917964541E58306E00B5E808 /* UIImage+UIImageEx.m */,
				9195D1821E5DD912007B451F /* AFNRequestManager.h */,
				9195D1831E5DD912007B451F /* AFNRequestManager.m */,
				91F46D1A1E6467CC004491E5 /* NSString+MD5.h */,
				91F46D1B1E6467CC004491E5 /* NSString+MD5.m */,
				91F46D201E646BC0004491E5 /* iPhone.h */,
				91F46D211E646BC0004491E5 /* iPhone.m */,
				91655EA71E66CC120031CFE0 /* Utils.h */,
				91655EA81E66CC120031CFE0 /* Utils.m */,
				914707B11E781B0200E46B3B /* RSAEncryptor.h */,
				914707B21E781B0200E46B3B /* RSAEncryptor.m */,
				91F4B4761E98CD1E005968F8 /* MKMapView+ZoomLevel.h */,
				91F4B4771E98CD1E005968F8 /* MKMapView+ZoomLevel.m */,
			);
			name = Utils;
			sourceTree = "<group>";
		};
		91831A761E53F4CD00E670B3 = {
			isa = PBXGroup;
			children = (
				91831A811E53F4CD00E670B3 /* Inspecting */,
				91831A801E53F4CD00E670B3 /* Products */,
				48643B3600B58A3BB190BF81 /* Pods */,
				996143A800C8F1B186DDBE04 /* Frameworks */,
			);
			sourceTree = "<group>";
		};
		91831A801E53F4CD00E670B3 /* Products */ = {
			isa = PBXGroup;
			children = (
				91831A7F1E53F4CD00E670B3 /* Inspecting.app */,
			);
			name = Products;
			sourceTree = "<group>";
		};
		91831A811E53F4CD00E670B3 /* Inspecting */ = {
			isa = PBXGroup;
			children = (
				917964521E582FE300B5E808 /* Utils */,
				91831AA01E5497B800E670B3 /* Controller */,
				91831A9F1E5497AF00E670B3 /* View */,
				91831A9D1E54979900E670B3 /* Model */,
				91831A9C1E54978B00E670B3 /* resource */,
				91831A851E53F4CD00E670B3 /* AppDelegate.h */,
				91831A861E53F4CD00E670B3 /* AppDelegate.m */,
				91831A911E53F4CD00E670B3 /* Assets.xcassets */,
				91831A931E53F4CD00E670B3 /* LaunchScreen.storyboard */,
				91831A961E53F4CD00E670B3 /* Info.plist */,
				91831A821E53F4CD00E670B3 /* Supporting Files */,
			);
			path = Inspecting;
			sourceTree = "<group>";
		};
		91831A821E53F4CD00E670B3 /* Supporting Files */ = {
			isa = PBXGroup;
			children = (
				91831A831E53F4CD00E670B3 /* main.m */,
			);
			name = "Supporting Files";
			sourceTree = "<group>";
		};
		91831A9C1E54978B00E670B3 /* resource */ = {
			isa = PBXGroup;
			children = (
				918D372F1E771C8100D954B9 /* RSA */,
				9183CB6D1E5B44450064572E /* images */,
			);
			name = resource;
			sourceTree = "<group>";
		};
		91831A9D1E54979900E670B3 /* Model */ = {
			isa = PBXGroup;
			children = (
				91F46D231E6572DD004491E5 /* iUser.h */,
				91F46D241E6572DD004491E5 /* iUser.m */,
				91F46D291E657882004491E5 /* iInst.h */,
				91F46D2A1E657882004491E5 /* iInst.m */,
				91655EAA1E66DEAB0031CFE0 /* iPublicMission.h */,
				91655EAB1E66DEAB0031CFE0 /* iPublicMission.m */,
				91655EAD1E6715FC0031CFE0 /* NoneImageView.h */,
				91655EAE1E6715FC0031CFE0 /* NoneImageView.m */,
				91C78C5F1E682C4C009AC9A2 /* iMyTask.h */,
				91C78C601E682C4C009AC9A2 /* iMyTask.m */,
				91CDD62C1E6D9AF000ECAF58 /* ITermType.h */,
				91CDD62D1E6D9AF000ECAF58 /* ITermType.m */,
				91CDD6331E7033B800ECAF58 /* IMission.h */,
				91CDD6341E7033B800ECAF58 /* IMission.m */,
				91B707BC1E76E4E1006E76AA /* IVersion.h */,
				91B707BD1E76E4E1006E76AA /* IVersion.m */,
				912C7DDA1E7C3FFE000DAF06 /* IPubTask.h */,
				912C7DDB1E7C3FFE000DAF06 /* IPubTask.m */,
			);
			name = Model;
			sourceTree = "<group>";
		};
		91831A9F1E5497AF00E670B3 /* View */ = {
			isa = PBXGroup;
			children = (
				91AA2DCC1E59A01100731F9E /* INewestTableViewCell.h */,
				91AA2DCD1E59A01100731F9E /* INewestTableViewCell.m */,
				9195D1721E5C5222007B451F /* IMyTableViewCell.h */,
				9195D1731E5C5222007B451F /* IMyTableViewCell.m */,
				9195D1751E5C5232007B451F /* IPublicTableViewCell.h */,
				9195D1761E5C5232007B451F /* IPublicTableViewCell.m */,
				9195D1781E5D68CB007B451F /* IPublicMissionView.h */,
				9195D1791E5D68CB007B451F /* IPublicMissionView.m */,
				91F46D111E645D00004491E5 /* IPopupView.h */,
				91F46D121E645D00004491E5 /* IPopupView.m */,
				91C78C621E69B55F009AC9A2 /* ITextView.h */,
				91C78C631E69B55F009AC9A2 /* ITextView.m */,
				91C78C6E1E6B15F0009AC9A2 /* ILogTableViewCell.h */,
				91C78C6F1E6B15F0009AC9A2 /* ILogTableViewCell.m */,
				91C78C711E6B2D92009AC9A2 /* IShopTableViewCell.h */,
				91C78C721E6B2D92009AC9A2 /* IShopTableViewCell.m */,
				91C78C741E6B2D9D009AC9A2 /* ITermTableViewCell.h */,
				91C78C751E6B2D9D009AC9A2 /* ITermTableViewCell.m */,
				91C78C801E6B3D01009AC9A2 /* PickerView.h */,
				91C78C811E6B3D01009AC9A2 /* PickerView.m */,
				91B707B61E758EFE006E76AA /* IAnnotation.h */,
				91B707B71E758EFE006E76AA /* IAnnotation.m */,
				91F4B47D1E98ECE4005968F8 /* IAnnotationView.h */,
				91F4B47E1E98ECE4005968F8 /* IAnnotationView.m */,
			);
			name = View;
			sourceTree = "<group>";
		};
		91831AA01E5497B800E670B3 /* Controller */ = {
			isa = PBXGroup;
			children = (
				91831AA41E54B64900E670B3 /* HomeViewController.h */,
				91831AA51E54B64900E670B3 /* HomeViewController.m */,
				91831AA71E54B65A00E670B3 /* LoginViewController.h */,
				91831AA81E54B65A00E670B3 /* LoginViewController.m */,
				91831AAA1E54B67500E670B3 /* PublicMissionViewController.h */,
				91831AAB1E54B67500E670B3 /* PublicMissionViewController.m */,
				91831AAD1E54B68400E670B3 /* MyMissionViewController.h */,
				91831AAE1E54B68400E670B3 /* MyMissionViewController.m */,
				91831AB01E54B6A000E670B3 /* UserInfoViewController.h */,
				91831AB11E54B6A000E670B3 /* UserInfoViewController.m */,
				91C78C5C1E68070E009AC9A2 /* MerchInfoViewController.h */,
				91C78C5D1E68070E009AC9A2 /* MerchInfoViewController.m */,
				91C78C651E6B10DF009AC9A2 /* ILogViewController.h */,
				91C78C661E6B10DF009AC9A2 /* ILogViewController.m */,
				91C78C681E6B117A009AC9A2 /* IShopViewController.h */,
				91C78C691E6B117A009AC9A2 /* IShopViewController.m */,
				91C78C6B1E6B1188009AC9A2 /* ITermViewController.h */,
				91C78C6C1E6B1188009AC9A2 /* ITermViewController.m */,
				91C78C771E6B30F3009AC9A2 /* IShopDetailViewController.h */,
				91C78C781E6B30F3009AC9A2 /* IShopDetailViewController.m */,
				91C78C7A1E6B3102009AC9A2 /* ITermDetailViewController.h */,
				91C78C7B1E6B3102009AC9A2 /* ITermDetailViewController.m */,
				91C78C7D1E6B31C5009AC9A2 /* INewShopViewController.h */,
				91C78C7E1E6B31C5009AC9A2 /* INewShopViewController.m */,
				91C78C831E6C050B009AC9A2 /* INewTermViewController.h */,
				91C78C841E6C050B009AC9A2 /* INewTermViewController.m */,
				912C7DE01E7D8140000DAF06 /* IPubTaskDetailViewController.h */,
				912C7DE11E7D8140000DAF06 /* IPubTaskDetailViewController.m */,
			);
			name = Controller;
			sourceTree = "<group>";
		};
		9183CB6D1E5B44450064572E /* images */ = {
			isa = PBXGroup;
			children = (
				91B04C201E9B7D62001E9F0C /* my_location.png */,
				91C78C541E680165009AC9A2 /* checked.png */,
				91C78C551E680165009AC9A2 /* checked@2x.png */,
				91C78C561E680165009AC9A2 /* unchecked.png */,
				91C78C571E680165009AC9A2 /* unchecked@2x.png */,
				9183CB841E5B44E70064572E /* lineDashTexture.png */,
				9183CB871E5B44E70064572E /* main_bottombtn_down.9.png */,
				9183CB881E5B44E70064572E /* main_bottombtn_up.9.png */,
				9183CB891E5B44E70064572E /* main_icon_zoomin_dis.png */,
				9183CB8A1E5B44E70064572E /* main_icon_zoomin.png */,
				9183CB8B1E5B44E70064572E /* main_icon_zoomout_dis.png */,
				9183CB8C1E5B44E70064572E /* main_icon_zoomout.png */,
				9183CB8D1E5B44E70064572E /* main_topbtn_down.9.png */,
				9183CB8E1E5B44E70064572E /* main_topbtn_up.9.png */,
				9183CB8F1E5B44E70064572E /* icon_default.png */,
				9183CB901E5B44E70064572E /* icon.png */,
				9183CB911E5B44E70064572E /* p_login_logo3.png */,
				9183CB941E5B44E70064572E /* i_add_posdown.png */,
				9183CB951E5B44E70064572E /* i_add_posup.png */,
				9183CB961E5B44E70064572E /* i_add_jycs.png */,
				9183CB971E5B44E70064572E /* i_add_mmzp.png */,
				9183CB981E5B44E70064572E /* i_add_yyzz.png */,
				9183CB991E5B44E70064572E /* i_add_zp.png */,
				9183CB9A1E5B44E70064572E /* a_finished.png */,
				9183CB9B1E5B44E70064572E /* a_unfinished.png */,
				9183CB9C1E5B44E70064572E /* b_login_conform.9.png */,
				9183CB9D1E5B44E70064572E /* b_login_input.9.png */,
				9183CB9E1E5B44E70064572E /* b_protrait.png */,
				9183CB9F1E5B44E70064572E /* bk_pic_store.png */,
				9183CBA01E5B44E70064572E /* bk_protrait.png */,
				9183CBA11E5B44E70064572E /* dialog_cancel.png */,
				9183CBA21E5B44E70064572E /* dialog_ok.png */,
				9183CBA31E5B44E70064572E /* i_add_pic.png */,
				9183CBA41E5B44E70064572E /* i_add.png */,
				9183CBA51E5B44E70064572E /* i_allmission.png */,
				9183CBA61E5B44E70064572E /* i_back.png */,
				9183CBA71E5B44E70064572E /* i_botton_pick.png */,
				9183CBA81E5B44E70064572E /* i_botton_picked.png */,
				9183CBA91E5B44E70064572E /* i_default_company.png */,
				9183CBAA1E5B44E70064572E /* i_default_inspector.png */,
				9183CBAB1E5B44E70064572E /* i_default_institution.png */,
				9183CBAC1E5B44E70064572E /* i_default_shop.png */,
				9183CBAD1E5B44E70064572E /* i_finished.png */,
				9183CBAE1E5B44E70064572E /* i_home.png */,
				9183CBAF1E5B44E70064572E /* i_location.png */,
				9183CBB01E5B44E70064572E /* i_login_password.png */,
				9183CBB11E5B44E70064572E /* i_login_shutup.png */,
				9183CBB21E5B44E70064572E /* i_login_user.png */,
				9183CBB41E5B44E70064572E /* i_map_locked.png */,
				9183CBB51E5B44E70064572E /* i_map_unlock.png */,
				9183CBB61E5B44E70064572E /* i_mine.png */,
				9183CBB71E5B44E70064572E /* i_mymission.png */,
				9183CBB81E5B44E70064572E /* i_next.png */,
				9183CBB91E5B44E70064572E /* i_pos.png */,
				9183CBBA1E5B44E70064572E /* i_search.png */,
				9183CBBB1E5B44E70064572E /* i_store.png */,
				9183CBBC1E5B44E70064572E /* i_unfinished.png */,
				9183CBBD1E5B44E70064572E /* i_updata.png */,
				9183CBBF1E5B44E70064572E /* loading1.png */,
				9183CBC01E5B44E70064572E /* loading2.png */,
				9183CBC11E5B44E70064572E /* loading3.png */,
				9183CBC21E5B44E70064572E /* loading4.png */,
				9183CBC31E5B44E70064572E /* loading5.png */,
				9183CBC41E5B44E70064572E /* loading6.png */,
				9183CBC51E5B44E70064572E /* loading7.png */,
				9183CBC61E5B44E70064572E /* loading8.png */,
				9183CBC71E5B44E70064572E /* loading9.png */,
				9183CBC81E5B44E70064572E /* loading10.png */,
				9183CBC91E5B44E70064572E /* loading11.png */,
				9183CBCA1E5B44E70064572E /* loading12.png */,
				9183CBCB1E5B44E70064572E /* p_login_logo1.png */,
				9183CBCC1E5B44E70064572E /* p_login_logo2.png */,
				9183CBCD1E5B44E70064572E /* p_whitering.png */,
				9183CBD01E5B44E70064572E /* toolbar_icon_refresh_available01.png */,
				9183CBD11E5B44E70064572E /* toolbar_icon_refresh_available02.png */,
				9183CBD21E5B44E70064572E /* toolbar_icon_refresh_available03.png */,
				9183CBD31E5B44E70064572E /* toolbar_icon_refresh_available04.png */,
				9183CBD41E5B44E70064572E /* toolbar_icon_refresh_available05.png */,
				9183CBD51E5B44E70064572E /* toolbar_icon_refresh_available06.png */,
				9183CBD61E5B44E70064572E /* toolbar_icon_refresh_available07.png */,
				9183CBD71E5B44E70064572E /* toolbar_icon_refresh_available08.png */,
			);
			name = images;
			sourceTree = "<group>";
		};
		918D372F1E771C8100D954B9 /* RSA */ = {
			isa = PBXGroup;
			children = (
				918D37351E7724AF00D954B9 /* private_ios.p12 */,
				918D37361E7724AF00D954B9 /* public_ios.der */,
			);
			name = RSA;
			sourceTree = "<group>";
		};
		996143A800C8F1B186DDBE04 /* Frameworks */ = {
			isa = PBXGroup;
			children = (
				91F4B4801E98F72A005968F8 /* CoreLocation.framework */,
				91A598101E8D57CB000A94D7 /* libstdc++.6.0.9.tbd */,
				91A5980E1E8D57BF000A94D7 /* libsqlite3.0.tbd */,
				918D372D1E771C6600D954B9 /* Security.framework */,
				91F46D1D1E646A50004491E5 /* CoreTelephony.framework */,
				97B58F74EA11F4E1C0CF0F24 /* Pods_Inspecting.framework */,
			);
			name = Frameworks;
			sourceTree = "<group>";
		};
/* End PBXGroup section */

/* Begin PBXNativeTarget section */
		91831A7E1E53F4CD00E670B3 /* Inspecting */ = {
			isa = PBXNativeTarget;
			buildConfigurationList = 91831A991E53F4CD00E670B3 /* Build configuration list for PBXNativeTarget "Inspecting" */;
			buildPhases = (
				EBF96819A0317E4FCFDEBDA8 /* [CP] Check Pods Manifest.lock */,
				91831A7B1E53F4CD00E670B3 /* Sources */,
				91831A7C1E53F4CD00E670B3 /* Frameworks */,
				91831A7D1E53F4CD00E670B3 /* Resources */,
				7890BC6AD595D492476835D3 /* [CP] Embed Pods Frameworks */,
				C1609466DC6B5E377CBB7A94 /* [CP] Copy Pods Resources */,
			);
			buildRules = (
			);
			dependencies = (
			);
			name = Inspecting;
			productName = Inspecting;
			productReference = 91831A7F1E53F4CD00E670B3 /* Inspecting.app */;
			productType = "com.apple.product-type.application";
		};
/* End PBXNativeTarget section */

/* Begin PBXProject section */
		91831A771E53F4CD00E670B3 /* Project object */ = {
			isa = PBXProject;
			attributes = {
				LastUpgradeCheck = 0820;
				ORGANIZATIONNAME = default;
				TargetAttributes = {
					91831A7E1E53F4CD00E670B3 = {
						CreatedOnToolsVersion = 8.2.1;
						DevelopmentTeam = S68Y74UE24;
						ProvisioningStyle = Automatic;
					};
				};
			};
			buildConfigurationList = 91831A7A1E53F4CD00E670B3 /* Build configuration list for PBXProject "Inspecting" */;
			compatibilityVersion = "Xcode 3.2";
			developmentRegion = English;
			hasScannedForEncodings = 0;
			knownRegions = (
				en,
				Base,
			);
			mainGroup = 91831A761E53F4CD00E670B3;
			productRefGroup = 91831A801E53F4CD00E670B3 /* Products */;
			projectDirPath = "";
			projectRoot = "";
			targets = (
				91831A7E1E53F4CD00E670B3 /* Inspecting */,
			);
		};
/* End PBXProject section */

/* Begin PBXResourcesBuildPhase section */
		91831A7D1E53F4CD00E670B3 /* Resources */ = {
			isa = PBXResourcesBuildPhase;
			buildActionMask = 2147483647;
			files = (
				9183CC3F1E5B44E70064572E /* toolbar_icon_refresh_available06.png in Resources */,
				9183CC111E5B44E70064572E /* i_botton_pick.png in Resources */,
				9183CBF91E5B44E70064572E /* icon_default.png in Resources */,
				9183CBF31E5B44E70064572E /* main_icon_zoomin_dis.png in Resources */,
				918D37381E7724AF00D954B9 /* public_ios.der in Resources */,
				9183CC181E5B44E70064572E /* i_home.png in Resources */,
				9183CC3D1E5B44E70064572E /* toolbar_icon_refresh_available04.png in Resources */,
				9183CC1F1E5B44E70064572E /* i_map_unlock.png in Resources */,
				9183CC041E5B44E70064572E /* a_finished.png in Resources */,
				9183CC231E5B44E70064572E /* i_pos.png in Resources */,
				9183CC2D1E5B44E70064572E /* loading5.png in Resources */,
				9183CC011E5B44E70064572E /* i_add_mmzp.png in Resources */,
				9183CBF71E5B44E70064572E /* main_topbtn_down.9.png in Resources */,
				9183CC351E5B44E70064572E /* p_login_logo1.png in Resources */,
				91C78C591E680165009AC9A2 /* checked@2x.png in Resources */,
				9183CC401E5B44E70064572E /* toolbar_icon_refresh_available07.png in Resources */,
				9183CC061E5B44E70064572E /* b_login_conform.9.png in Resources */,
				9183CC091E5B44E70064572E /* bk_pic_store.png in Resources */,
				91C78C5A1E680165009AC9A2 /* unchecked.png in Resources */,
				91B04C211E9B7D62001E9F0C /* my_location.png in Resources */,
				9183CC271E5B44E70064572E /* i_updata.png in Resources */,
				9183CC0D1E5B44E70064572E /* i_add_pic.png in Resources */,
				9183CBFE1E5B44E70064572E /* i_add_posdown.png in Resources */,
				9183CC2C1E5B44E70064572E /* loading4.png in Resources */,
				9183CC301E5B44E70064572E /* loading8.png in Resources */,
				91C78C581E680165009AC9A2 /* checked.png in Resources */,
				9183CC251E5B44E70064572E /* i_store.png in Resources */,
				9183CBEE1E5B44E70064572E /* lineDashTexture.png in Resources */,
				9183CC411E5B44E70064572E /* toolbar_icon_refresh_available08.png in Resources */,
				9183CC051E5B44E70064572E /* a_unfinished.png in Resources */,
				9183CC081E5B44E70064572E /* b_protrait.png in Resources */,
				9183CC3C1E5B44E70064572E /* toolbar_icon_refresh_available03.png in Resources */,
				9183CC0C1E5B44E70064572E /* dialog_ok.png in Resources */,
				9183CC211E5B44E70064572E /* i_mymission.png in Resources */,
				9183CC0B1E5B44E70064572E /* dialog_cancel.png in Resources */,
				91831A951E53F4CD00E670B3 /* LaunchScreen.storyboard in Resources */,
				918D37371E7724AF00D954B9 /* private_ios.p12 in Resources */,
				9183CC001E5B44E70064572E /* i_add_jycs.png in Resources */,
				9183CC221E5B44E70064572E /* i_next.png in Resources */,
				9183CBF81E5B44E70064572E /* main_topbtn_up.9.png in Resources */,
				9183CC201E5B44E70064572E /* i_mine.png in Resources */,
				9183CC241E5B44E70064572E /* i_search.png in Resources */,
				9183CC141E5B44E70064572E /* i_default_inspector.png in Resources */,
				9183CC261E5B44E70064572E /* i_unfinished.png in Resources */,
				9183CBF21E5B44E70064572E /* main_bottombtn_up.9.png in Resources */,
				9183CBF11E5B44E70064572E /* main_bottombtn_down.9.png in Resources */,
				9183CC151E5B44E70064572E /* i_default_institution.png in Resources */,
				9183CC0E1E5B44E70064572E /* i_add.png in Resources */,
				9183CBF41E5B44E70064572E /* main_icon_zoomin.png in Resources */,
				9183CC311E5B44E70064572E /* loading9.png in Resources */,
				9183CC191E5B44E70064572E /* i_location.png in Resources */,
				9183CC291E5B44E70064572E /* loading1.png in Resources */,
				9183CC371E5B44E70064572E /* p_whitering.png in Resources */,
				9183CC071E5B44E70064572E /* b_login_input.9.png in Resources */,
				9183CBFB1E5B44E70064572E /* p_login_logo3.png in Resources */,
				9183CBF51E5B44E70064572E /* main_icon_zoomout_dis.png in Resources */,
				9183CBFF1E5B44E70064572E /* i_add_posup.png in Resources */,
				9183CBF61E5B44E70064572E /* main_icon_zoomout.png in Resources */,
				9183CC2E1E5B44E70064572E /* loading6.png in Resources */,
				9183CC2F1E5B44E70064572E /* loading7.png in Resources */,
				9183CC131E5B44E70064572E /* i_default_company.png in Resources */,
				9183CC1A1E5B44E70064572E /* i_login_password.png in Resources */,
				9183CC0F1E5B44E70064572E /* i_allmission.png in Resources */,
				9183CC3E1E5B44E70064572E /* toolbar_icon_refresh_available05.png in Resources */,
				9183CBFA1E5B44E70064572E /* icon.png in Resources */,
				91831A921E53F4CD00E670B3 /* Assets.xcassets in Resources */,
				91C78C5B1E680165009AC9A2 /* unchecked@2x.png in Resources */,
				9183CC031E5B44E70064572E /* i_add_zp.png in Resources */,
				9183CC1C1E5B44E70064572E /* i_login_user.png in Resources */,
				9183CC1E1E5B44E70064572E /* i_map_locked.png in Resources */,
				9183CC331E5B44E70064572E /* loading11.png in Resources */,
				9183CC361E5B44E70064572E /* p_login_logo2.png in Resources */,
				9183CC2B1E5B44E70064572E /* loading3.png in Resources */,
				9183CC2A1E5B44E70064572E /* loading2.png in Resources */,
				9183CC021E5B44E70064572E /* i_add_yyzz.png in Resources */,
				9183CC3A1E5B44E70064572E /* toolbar_icon_refresh_available01.png in Resources */,
				9183CC161E5B44E70064572E /* i_default_shop.png in Resources */,
				9183CC0A1E5B44E70064572E /* bk_protrait.png in Resources */,
				9183CC171E5B44E70064572E /* i_finished.png in Resources */,
				9183CC121E5B44E70064572E /* i_botton_picked.png in Resources */,
				9183CC1B1E5B44E70064572E /* i_login_shutup.png in Resources */,
				9183CC341E5B44E70064572E /* loading12.png in Resources */,
				9183CC101E5B44E70064572E /* i_back.png in Resources */,
				9183CC3B1E5B44E70064572E /* toolbar_icon_refresh_available02.png in Resources */,
				9183CC321E5B44E70064572E /* loading10.png in Resources */,
			);
			runOnlyForDeploymentPostprocessing = 0;
		};
/* End PBXResourcesBuildPhase section */

/* Begin PBXShellScriptBuildPhase section */
		7890BC6AD595D492476835D3 /* [CP] Embed Pods Frameworks */ = {
			isa = PBXShellScriptBuildPhase;
			buildActionMask = 2147483647;
			files = (
			);
			inputPaths = (
			);
			name = "[CP] Embed Pods Frameworks";
			outputPaths = (
			);
			runOnlyForDeploymentPostprocessing = 0;
			shellPath = /bin/sh;
			shellScript = "\"${SRCROOT}/Pods/Target Support Files/Pods-Inspecting/Pods-Inspecting-frameworks.sh\"\n";
			showEnvVarsInLog = 0;
		};
		C1609466DC6B5E377CBB7A94 /* [CP] Copy Pods Resources */ = {
			isa = PBXShellScriptBuildPhase;
			buildActionMask = 2147483647;
			files = (
			);
			inputPaths = (
			);
			name = "[CP] Copy Pods Resources";
			outputPaths = (
			);
			runOnlyForDeploymentPostprocessing = 0;
			shellPath = /bin/sh;
			shellScript = "\"${SRCROOT}/Pods/Target Support Files/Pods-Inspecting/Pods-Inspecting-resources.sh\"\n";
			showEnvVarsInLog = 0;
		};
		EBF96819A0317E4FCFDEBDA8 /* [CP] Check Pods Manifest.lock */ = {
			isa = PBXShellScriptBuildPhase;
			buildActionMask = 2147483647;
			files = (
			);
			inputPaths = (
			);
			name = "[CP] Check Pods Manifest.lock";
			outputPaths = (
			);
			runOnlyForDeploymentPostprocessing = 0;
			shellPath = /bin/sh;
			shellScript = "diff \"${PODS_ROOT}/../Podfile.lock\" \"${PODS_ROOT}/Manifest.lock\" > /dev/null\nif [ $? != 0 ] ; then\n    # print error to STDERR\n    echo \"error: The sandbox is not in sync with the Podfile.lock. Run 'pod install' or update your CocoaPods installation.\" >&2\n    exit 1\nfi\n";
			showEnvVarsInLog = 0;
		};
/* End PBXShellScriptBuildPhase section */

/* Begin PBXSourcesBuildPhase section */
		91831A7B1E53F4CD00E670B3 /* Sources */ = {
			isa = PBXSourcesBuildPhase;
			buildActionMask = 2147483647;
			files = (
				91831AAC1E54B67500E670B3 /* PublicMissionViewController.m in Sources */,
				91C78C641E69B55F009AC9A2 /* ITextView.m in Sources */,
				91B707BE1E76E4E1006E76AA /* IVersion.m in Sources */,
				91CDD6351E7033B800ECAF58 /* IMission.m in Sources */,
				91831A871E53F4CD00E670B3 /* AppDelegate.m in Sources */,
				912C7DDC1E7C3FFE000DAF06 /* IPubTask.m in Sources */,
				917964551E58306E00B5E808 /* UIImage+UIImageEx.m in Sources */,
				91655EAC1E66DEAB0031CFE0 /* iPublicMission.m in Sources */,
				9195D1741E5C5222007B451F /* IMyTableViewCell.m in Sources */,
				91F46D221E646BC0004491E5 /* iPhone.m in Sources */,
				91C78C7F1E6B31C5009AC9A2 /* INewShopViewController.m in Sources */,
				9195D17A1E5D68CB007B451F /* IPublicMissionView.m in Sources */,
				91C78C731E6B2D92009AC9A2 /* IShopTableViewCell.m in Sources */,
				91831A841E53F4CD00E670B3 /* main.m in Sources */,
				91831AAF1E54B68400E670B3 /* MyMissionViewController.m in Sources */,
				91655EAF1E6715FC0031CFE0 /* NoneImageView.m in Sources */,
				91F46D2B1E657882004491E5 /* iInst.m in Sources */,
				914707B31E781B0200E46B3B /* RSAEncryptor.m in Sources */,
				9195D1841E5DD912007B451F /* AFNRequestManager.m in Sources */,
				91C78C821E6B3D01009AC9A2 /* PickerView.m in Sources */,
				91C78C6A1E6B117A009AC9A2 /* IShopViewController.m in Sources */,
				91831AB21E54B6A000E670B3 /* UserInfoViewController.m in Sources */,
				91C78C851E6C050B009AC9A2 /* INewTermViewController.m in Sources */,
				91655EA91E66CC120031CFE0 /* Utils.m in Sources */,
				91C78C6D1E6B1188009AC9A2 /* ITermViewController.m in Sources */,
				91C78C7C1E6B3102009AC9A2 /* ITermDetailViewController.m in Sources */,
				91F4B47F1E98ECE4005968F8 /* IAnnotationView.m in Sources */,
				91C78C761E6B2D9D009AC9A2 /* ITermTableViewCell.m in Sources */,
				9195D1771E5C5232007B451F /* IPublicTableViewCell.m in Sources */,
				91C78C791E6B30F3009AC9A2 /* IShopDetailViewController.m in Sources */,
				91F46D1C1E6467CC004491E5 /* NSString+MD5.m in Sources */,
				91831AA61E54B64900E670B3 /* HomeViewController.m in Sources */,
				91831AA91E54B65A00E670B3 /* LoginViewController.m in Sources */,
				91AA2DCE1E59A01100731F9E /* INewestTableViewCell.m in Sources */,
				91C78C701E6B15F0009AC9A2 /* ILogTableViewCell.m in Sources */,
				91F46D131E645D00004491E5 /* IPopupView.m in Sources */,
				91CDD62E1E6D9AF000ECAF58 /* ITermType.m in Sources */,
				9172A78E1E78EF9C002E90C3 /* RSAEncrypt.m in Sources */,
				91C78C5E1E68070E009AC9A2 /* MerchInfoViewController.m in Sources */,
				912C7DE21E7D8140000DAF06 /* IPubTaskDetailViewController.m in Sources */,
				91B707B81E758EFE006E76AA /* IAnnotation.m in Sources */,
				91C78C671E6B10DF009AC9A2 /* ILogViewController.m in Sources */,
				91F4B4781E98CD1E005968F8 /* MKMapView+ZoomLevel.m in Sources */,
				91C78C611E682C4C009AC9A2 /* iMyTask.m in Sources */,
				91F46D251E6572DD004491E5 /* iUser.m in Sources */,
			);
			runOnlyForDeploymentPostprocessing = 0;
		};
/* End PBXSourcesBuildPhase section */

/* Begin PBXVariantGroup section */
		91831A931E53F4CD00E670B3 /* LaunchScreen.storyboard */ = {
			isa = PBXVariantGroup;
			children = (
				91831A941E53F4CD00E670B3 /* Base */,
				91CDD6361E7075FC00ECAF58 /* zh-Hans */,
			);
			name = LaunchScreen.storyboard;
			sourceTree = "<group>";
		};
/* End PBXVariantGroup section */

/* Begin XCBuildConfiguration section */
		91831A971E53F4CD00E670B3 /* Debug */ = {
			isa = XCBuildConfiguration;
			buildSettings = {
				ALWAYS_SEARCH_USER_PATHS = NO;
				CLANG_ANALYZER_LOCALIZABILITY_NONLOCALIZED = YES;
				CLANG_ANALYZER_NONNULL = YES;
				CLANG_CXX_LANGUAGE_STANDARD = "gnu++0x";
				CLANG_CXX_LIBRARY = "libc++";
				CLANG_ENABLE_MODULES = YES;
				CLANG_ENABLE_OBJC_ARC = YES;
				CLANG_WARN_BOOL_CONVERSION = YES;
				CLANG_WARN_CONSTANT_CONVERSION = YES;
				CLANG_WARN_DIRECT_OBJC_ISA_USAGE = YES_ERROR;
				CLANG_WARN_DOCUMENTATION_COMMENTS = YES;
				CLANG_WARN_EMPTY_BODY = YES;
				CLANG_WARN_ENUM_CONVERSION = YES;
				CLANG_WARN_INFINITE_RECURSION = YES;
				CLANG_WARN_INT_CONVERSION = YES;
				CLANG_WARN_OBJC_ROOT_CLASS = YES_ERROR;
				CLANG_WARN_SUSPICIOUS_MOVE = YES;
				CLANG_WARN_UNREACHABLE_CODE = YES;
				CLANG_WARN__DUPLICATE_METHOD_MATCH = YES;
				CODE_SIGN_IDENTITY = "iPhone Developer: chen jianfang (F37RXTE4KA)";
				"CODE_SIGN_IDENTITY[sdk=iphoneos*]" = "iPhone Developer";
				COPY_PHASE_STRIP = NO;
				DEBUG_INFORMATION_FORMAT = dwarf;
				DEVELOPMENT_TEAM = S68Y74UE24;
				ENABLE_STRICT_OBJC_MSGSEND = YES;
				ENABLE_TESTABILITY = YES;
				GCC_C_LANGUAGE_STANDARD = gnu99;
				GCC_DYNAMIC_NO_PIC = NO;
				GCC_NO_COMMON_BLOCKS = YES;
				GCC_OPTIMIZATION_LEVEL = 0;
				GCC_PREPROCESSOR_DEFINITIONS = (
					"DEBUG=1",
					"$(inherited)",
				);
				GCC_WARN_64_TO_32_BIT_CONVERSION = YES;
				GCC_WARN_ABOUT_RETURN_TYPE = YES_ERROR;
				GCC_WARN_UNDECLARED_SELECTOR = YES;
				GCC_WARN_UNINITIALIZED_AUTOS = YES_AGGRESSIVE;
				GCC_WARN_UNUSED_FUNCTION = YES;
				GCC_WARN_UNUSED_VARIABLE = YES;
				IPHONEOS_DEPLOYMENT_TARGET = 8.1;
				MTL_ENABLE_DEBUG_INFO = YES;
				ONLY_ACTIVE_ARCH = YES;
				PROVISIONING_PROFILE = "38f1adc5-4cae-4974-a607-e348dd470578";
				SDKROOT = iphoneos;
			};
			name = Debug;
		};
		91831A981E53F4CD00E670B3 /* Release */ = {
			isa = XCBuildConfiguration;
			buildSettings = {
				ALWAYS_SEARCH_USER_PATHS = NO;
				CLANG_ANALYZER_LOCALIZABILITY_NONLOCALIZED = YES;
				CLANG_ANALYZER_NONNULL = YES;
				CLANG_CXX_LANGUAGE_STANDARD = "gnu++0x";
				CLANG_CXX_LIBRARY = "libc++";
				CLANG_ENABLE_MODULES = YES;
				CLANG_ENABLE_OBJC_ARC = YES;
				CLANG_WARN_BOOL_CONVERSION = YES;
				CLANG_WARN_CONSTANT_CONVERSION = YES;
				CLANG_WARN_DIRECT_OBJC_ISA_USAGE = YES_ERROR;
				CLANG_WARN_DOCUMENTATION_COMMENTS = YES;
				CLANG_WARN_EMPTY_BODY = YES;
				CLANG_WARN_ENUM_CONVERSION = YES;
				CLANG_WARN_INFINITE_RECURSION = YES;
				CLANG_WARN_INT_CONVERSION = YES;
				CLANG_WARN_OBJC_ROOT_CLASS = YES_ERROR;
				CLANG_WARN_SUSPICIOUS_MOVE = YES;
				CLANG_WARN_UNREACHABLE_CODE = YES;
				CLANG_WARN__DUPLICATE_METHOD_MATCH = YES;
				CODE_SIGN_IDENTITY = "iPhone Developer: chen jianfang (F37RXTE4KA)";
				"CODE_SIGN_IDENTITY[sdk=iphoneos*]" = "iPhone Developer";
				COPY_PHASE_STRIP = NO;
				DEBUG_INFORMATION_FORMAT = "dwarf-with-dsym";
				DEVELOPMENT_TEAM = S68Y74UE24;
				ENABLE_NS_ASSERTIONS = NO;
				ENABLE_STRICT_OBJC_MSGSEND = YES;
				GCC_C_LANGUAGE_STANDARD = gnu99;
				GCC_NO_COMMON_BLOCKS = YES;
				GCC_WARN_64_TO_32_BIT_CONVERSION = YES;
				GCC_WARN_ABOUT_RETURN_TYPE = YES_ERROR;
				GCC_WARN_UNDECLARED_SELECTOR = YES;
				GCC_WARN_UNINITIALIZED_AUTOS = YES_AGGRESSIVE;
				GCC_WARN_UNUSED_FUNCTION = YES;
				GCC_WARN_UNUSED_VARIABLE = YES;
				IPHONEOS_DEPLOYMENT_TARGET = 8.1;
				MTL_ENABLE_DEBUG_INFO = NO;
				PROVISIONING_PROFILE = "38f1adc5-4cae-4974-a607-e348dd470578";
				SDKROOT = iphoneos;
				VALIDATE_PRODUCT = YES;
			};
			name = Release;
		};
		91831A9A1E53F4CD00E670B3 /* Debug */ = {
			isa = XCBuildConfiguration;
			baseConfigurationReference = 1A0DB2BD903CC4F18FE2A065 /* Pods-Inspecting.debug.xcconfig */;
			buildSettings = {
				ASSETCATALOG_COMPILER_APPICON_NAME = AppIcon;
				CODE_SIGN_IDENTITY = "iPhone Developer: chen jianfang (F37RXTE4KA)";
				"CODE_SIGN_IDENTITY[sdk=iphoneos*]" = "iPhone Developer";
				DEFINES_MODULE = YES;
				DEVELOPMENT_TEAM = S68Y74UE24;
				HEADER_SEARCH_PATHS = (
					"$(inherited)",
					"\"${PODS_ROOT}/Headers/Public\"",
					"\"${PODS_ROOT}/Headers/Public/BaiduMapKit\"",
				);
				INFOPLIST_FILE = Inspecting/Info.plist;
				IPHONEOS_DEPLOYMENT_TARGET = 8.1;
				LD_RUNPATH_SEARCH_PATHS = "$(inherited) @executable_path/Frameworks";
				LIBRARY_SEARCH_PATHS = "$(inherited)";
				PRODUCT_BUNDLE_IDENTIFIER = xunjian.inspecting;
				PRODUCT_NAME = "$(TARGET_NAME)";
				PROVISIONING_PROFILE = "";
				PROVISIONING_PROFILE_SPECIFIER = "";
				TARGETED_DEVICE_FAMILY = 1;
			};
			name = Debug;
		};
		91831A9B1E53F4CD00E670B3 /* Release */ = {
			isa = XCBuildConfiguration;
			baseConfigurationReference = 7F5BCA653F6238E36CA37A69 /* Pods-Inspecting.release.xcconfig */;
			buildSettings = {
				ASSETCATALOG_COMPILER_APPICON_NAME = AppIcon;
				CODE_SIGN_IDENTITY = "iPhone Developer: chen jianfang (F37RXTE4KA)";
				"CODE_SIGN_IDENTITY[sdk=iphoneos*]" = "iPhone Developer";
				DEFINES_MODULE = YES;
				DEVELOPMENT_TEAM = S68Y74UE24;
				HEADER_SEARCH_PATHS = (
					"$(inherited)",
					"\"${PODS_ROOT}/Headers/Public\"",
					"\"${PODS_ROOT}/Headers/Public/BaiduMapKit\"",
				);
				INFOPLIST_FILE = Inspecting/Info.plist;
				IPHONEOS_DEPLOYMENT_TARGET = 8.1;
				LD_RUNPATH_SEARCH_PATHS = "$(inherited) @executable_path/Frameworks";
				LIBRARY_SEARCH_PATHS = "$(inherited)";
				PRODUCT_BUNDLE_IDENTIFIER = xunjian.inspecting;
				PRODUCT_NAME = "$(TARGET_NAME)";
				PROVISIONING_PROFILE = "";
				PROVISIONING_PROFILE_SPECIFIER = "";
				TARGETED_DEVICE_FAMILY = 1;
			};
			name = Release;
		};
/* End XCBuildConfiguration section */

/* Begin XCConfigurationList section */
		91831A7A1E53F4CD00E670B3 /* Build configuration list for PBXProject "Inspecting" */ = {
			isa = XCConfigurationList;
			buildConfigurations = (
				91831A971E53F4CD00E670B3 /* Debug */,
				91831A981E53F4CD00E670B3 /* Release */,
			);
			defaultConfigurationIsVisible = 0;
			defaultConfigurationName = Release;
		};
		91831A991E53F4CD00E670B3 /* Build configuration list for PBXNativeTarget "Inspecting" */ = {
			isa = XCConfigurationList;
			buildConfigurations = (
				91831A9A1E53F4CD00E670B3 /* Debug */,
				91831A9B1E53F4CD00E670B3 /* Release */,
			);
			defaultConfigurationIsVisible = 0;
			defaultConfigurationName = Release;
		};
/* End XCConfigurationList section */
	};
	rootObject = 91831A771E53F4CD00E670B3 /* Project object */;
}
